PODS:
  - Adyen (2.8.4):
    - Adyen/Card (= 2.8.4)
    - Adyen/Core (= 2.8.4)
    - Adyen/SEPA (= 2.8.4)
  - Adyen/Card (2.8.4):
    - Adyen/Core
    - Adyen3DS2 (= 2.1.0-rc.4)
  - Adyen/Core (2.8.4):
    - AdyenInternal (= 2.8.4)
  - Adyen/SEPA (2.8.4):
    - Adyen/Core
  - Adyen3DS2 (2.1.0-rc.4)
  - AdyenInternal (2.8.4)

DEPENDENCIES:
  - Adyen (from `../../`)
  - AdyenInternal (from `../../`)

SPEC REPOS:
  trunk:
    - Adyen3DS2

EXTERNAL SOURCES:
  Adyen:
    :path: "../../"
  AdyenInternal:
    :path: "../../"

SPEC CHECKSUMS:
  Adyen: 3230eb45472ab93fda5fb7d94aefc092a726c5da
  Adyen3DS2: b3867a3ba8d2b865bec230237e1482693330a382
  AdyenInternal: 4023771f41565d13d80edc1de73680336ddba7af

PODFILE CHECKSUM: 2dc856068562a26b1006270dcc57afea62fc01c6

COCOAPODS: 1.8.3
