PODS:
  - Adyen (2.8.3):
    - Adyen/Card (= 2.8.3)
    - Adyen/Core (= 2.8.3)
    - Adyen/SEPA (= 2.8.3)
  - Adyen/Card (2.8.3):
    - Adyen/Core
    - Adyen3DS2 (= 2.1.0-rc.1)
  - Adyen/Core (2.8.3):
    - AdyenInternal (= 2.8.3)
  - Adyen/SEPA (2.8.3):
    - Adyen/Core
  - Adyen3DS2 (2.1.0-rc.1)
  - AdyenInternal (2.8.3)

DEPENDENCIES:
  - Adyen (from `../../`)
  - AdyenInternal (from `../../`)

SPEC REPOS:
  https://github.com/cocoapods/specs.git:
    - Adyen3DS2

EXTERNAL SOURCES:
  Adyen:
    :path: "../../"
  AdyenInternal:
    :path: "../../"

SPEC CHECKSUMS:
  Adyen: 2ff3ce84744372733832fc52092d32329bd8b24d
  Adyen3DS2: 57ab8ddc1f342c5e020c89ea5ea4ba805ab3dda6
  AdyenInternal: bf82f80885f4c67b480c38e6de093414e737011d

PODFILE CHECKSUM: 2dc856068562a26b1006270dcc57afea62fc01c6

COCOAPODS: 1.7.1
