PODS:
  - Adyen (2.0.0):
    - Adyen/Card (= 2.0.0)
    - Adyen/Core (= 2.0.0)
    - Adyen/SEPA (= 2.0.0)
  - Adyen/Card (2.0.0):
    - Adyen/Core
  - Adyen/Core (2.0.0):
    - AdyenInternal (= 2.0.0)
  - Adyen/SEPA (2.0.0):
    - Adyen/Core
  - AdyenInternal (2.0.0)

DEPENDENCIES:
  - Adyen (from `../../`)
  - AdyenInternal (from `../../`)

EXTERNAL SOURCES:
  Adyen:
    :path: "../../"
  AdyenInternal:
    :path: "../../"

SPEC CHECKSUMS:
  Adyen: c21ae363e1a05498bf63876fffb41616b0d8a684
  AdyenInternal: 567b6f769daa87615fb6dc59ab3eab078f949504

PODFILE CHECKSUM: 6b5eabcd96da33f21a8b3c7f9edc91c92bbea93b

COCOAPODS: 1.5.3
