{
  "object": {
    "pins": [
      {
        "package": "Adyen3DS2",
        "repositoryURL": "file:///Users/mohamede/Documents/ios-code-base/adyen-3ds2-ios-public",
        "state": {
          "branch": "swift-package-manager",
          "revision": "1bb7c7ef2f9fa7b20ed69ffd88f544f2cf386ef5",
          "version": null
        }
      }
    ]
  },
  "version": 1
}
