PODS:
  - SwiftFormat/CLI (0.46.3)
  - SwiftLint (0.40.3)

DEPENDENCIES:
  - SwiftFormat/CLI
  - SwiftLint

SPEC REPOS:
  trunk:
    - SwiftFormat
    - SwiftLint

SPEC CHECKSUMS:
  SwiftFormat: b639417da9e024b9e782f917bc9a080cf75bcb37
  SwiftLint: dfd554ff0dff17288ee574814ccdd5cea85d76f7

PODFILE CHECKSUM: 056c56e506ea41f44119a876dec69324f7dd7274

COCOAPODS: 1.9.3
