// !$*UTF8*$!
{
	archiveVersion = 1;
	classes = {
	};
	objectVersion = 46;
	objects = {

/* Begin PBXBuildFile section */
		99C64656E86A5D111C725ECD /* Pods_Custom_Integration_Example.framework in Frameworks */ = {isa = PBXBuildFile; fileRef = 5F80B9252F01253D3BEE60A2 /* Pods_Custom_Integration_Example.framework */; };
		E2C57C801F31E99800788935 /* AppDelegate.swift in Sources */ = {isa = PBXBuildFile; fileRef = E2C57C7F1F31E99800788935 /* AppDelegate.swift */; };
		E2C57C871F31E99800788935 /* Assets.xcassets in Resources */ = {isa = PBXBuildFile; fileRef = E2C57C861F31E99800788935 /* Assets.xcassets */; };
		E2C57C8A1F31E99800788935 /* LaunchScreen.storyboard in Resources */ = {isa = PBXBuildFile; fileRef = E2C57C881F31E99800788935 /* LaunchScreen.storyboard */; };
		E2C57CA11F31EA5600788935 /* CardDetailsViewController.swift in Sources */ = {isa = PBXBuildFile; fileRef = E2C57C911F31EA5600788935 /* CardDetailsViewController.swift */; };
		E2C57CA21F31EA5600788935 /* CartViewController.swift in Sources */ = {isa = PBXBuildFile; fileRef = E2C57C921F31EA5600788935 /* CartViewController.swift */; };
		E2C57CA31F31EA5600788935 /* CheckoutFailureViewController.swift in Sources */ = {isa = PBXBuildFile; fileRef = E2C57C931F31EA5600788935 /* CheckoutFailureViewController.swift */; };
		E2C57CA41F31EA5600788935 /* CheckoutFlowNavigationController.swift in Sources */ = {isa = PBXBuildFile; fileRef = E2C57C941F31EA5600788935 /* CheckoutFlowNavigationController.swift */; };
		E2C57CA51F31EA5600788935 /* CheckoutStatusViewController.swift in Sources */ = {isa = PBXBuildFile; fileRef = E2C57C951F31EA5600788935 /* CheckoutStatusViewController.swift */; };
		E2C57CA61F31EA5600788935 /* CheckoutSuccessViewController.swift in Sources */ = {isa = PBXBuildFile; fileRef = E2C57C961F31EA5600788935 /* CheckoutSuccessViewController.swift */; };
		E2C57CA71F31EA5600788935 /* CheckoutViewController.swift in Sources */ = {isa = PBXBuildFile; fileRef = E2C57C971F31EA5600788935 /* CheckoutViewController.swift */; };
		E2C57CA81F31EA5600788935 /* HomeViewController.swift in Sources */ = {isa = PBXBuildFile; fileRef = E2C57C981F31EA5600788935 /* HomeViewController.swift */; };
		E2C57CA91F31EA5600788935 /* LoadingIndicatorView.swift in Sources */ = {isa = PBXBuildFile; fileRef = E2C57C991F31EA5600788935 /* LoadingIndicatorView.swift */; };
		E2C57CAA1F31EA5600788935 /* PaymentConfirmationViewController.swift in Sources */ = {isa = PBXBuildFile; fileRef = E2C57C9A1F31EA5600788935 /* PaymentConfirmationViewController.swift */; };
		E2C57CAB1F31EA5600788935 /* PaymentDetailsViewController.swift in Sources */ = {isa = PBXBuildFile; fileRef = E2C57C9B1F31EA5600788935 /* PaymentDetailsViewController.swift */; };
		E2C57CAC1F31EA5600788935 /* PaymentDetailsViewControllerFactory.swift in Sources */ = {isa = PBXBuildFile; fileRef = E2C57C9C1F31EA5600788935 /* PaymentDetailsViewControllerFactory.swift */; };
		E2C57CAD1F31EA5600788935 /* PaymentMethodImageCache.swift in Sources */ = {isa = PBXBuildFile; fileRef = E2C57C9D1F31EA5600788935 /* PaymentMethodImageCache.swift */; };
		E2C57CAE1F31EA5600788935 /* PaymentMethodSelectionViewController.swift in Sources */ = {isa = PBXBuildFile; fileRef = E2C57C9E1F31EA5600788935 /* PaymentMethodSelectionViewController.swift */; };
		E2C57CAF1F31EA5600788935 /* PaymentRequestManager.swift in Sources */ = {isa = PBXBuildFile; fileRef = E2C57C9F1F31EA5600788935 /* PaymentRequestManager.swift */; };
		E2C57CB01F31EA5600788935 /* Theme.swift in Sources */ = {isa = PBXBuildFile; fileRef = E2C57CA01F31EA5600788935 /* Theme.swift */; };
/* End PBXBuildFile section */

/* Begin PBXFileReference section */
		5F80B9252F01253D3BEE60A2 /* Pods_Custom_Integration_Example.framework */ = {isa = PBXFileReference; explicitFileType = wrapper.framework; includeInIndex = 0; path = Pods_Custom_Integration_Example.framework; sourceTree = BUILT_PRODUCTS_DIR; };
		6B5113C69A5283E203064AB1 /* Pods-Custom Integration Example.release.xcconfig */ = {isa = PBXFileReference; includeInIndex = 1; lastKnownFileType = text.xcconfig; name = "Pods-Custom Integration Example.release.xcconfig"; path = "Pods/Target Support Files/Pods-Custom Integration Example/Pods-Custom Integration Example.release.xcconfig"; sourceTree = "<group>"; };
		E2C57C7C1F31E99800788935 /* Custom Integration Example.app */ = {isa = PBXFileReference; explicitFileType = wrapper.application; includeInIndex = 0; path = "Custom Integration Example.app"; sourceTree = BUILT_PRODUCTS_DIR; };
		E2C57C7F1F31E99800788935 /* AppDelegate.swift */ = {isa = PBXFileReference; lastKnownFileType = sourcecode.swift; path = AppDelegate.swift; sourceTree = "<group>"; };
		E2C57C861F31E99800788935 /* Assets.xcassets */ = {isa = PBXFileReference; lastKnownFileType = folder.assetcatalog; path = Assets.xcassets; sourceTree = "<group>"; };
		E2C57C891F31E99800788935 /* Base */ = {isa = PBXFileReference; lastKnownFileType = file.storyboard; name = Base; path = Base.lproj/LaunchScreen.storyboard; sourceTree = "<group>"; };
		E2C57C8B1F31E99800788935 /* Info.plist */ = {isa = PBXFileReference; lastKnownFileType = text.plist.xml; path = Info.plist; sourceTree = "<group>"; };
		E2C57C911F31EA5600788935 /* CardDetailsViewController.swift */ = {isa = PBXFileReference; fileEncoding = 4; lastKnownFileType = sourcecode.swift; path = CardDetailsViewController.swift; sourceTree = "<group>"; };
		E2C57C921F31EA5600788935 /* CartViewController.swift */ = {isa = PBXFileReference; fileEncoding = 4; lastKnownFileType = sourcecode.swift; path = CartViewController.swift; sourceTree = "<group>"; };
		E2C57C931F31EA5600788935 /* CheckoutFailureViewController.swift */ = {isa = PBXFileReference; fileEncoding = 4; lastKnownFileType = sourcecode.swift; path = CheckoutFailureViewController.swift; sourceTree = "<group>"; };
		E2C57C941F31EA5600788935 /* CheckoutFlowNavigationController.swift */ = {isa = PBXFileReference; fileEncoding = 4; lastKnownFileType = sourcecode.swift; path = CheckoutFlowNavigationController.swift; sourceTree = "<group>"; };
		E2C57C951F31EA5600788935 /* CheckoutStatusViewController.swift */ = {isa = PBXFileReference; fileEncoding = 4; lastKnownFileType = sourcecode.swift; path = CheckoutStatusViewController.swift; sourceTree = "<group>"; };
		E2C57C961F31EA5600788935 /* CheckoutSuccessViewController.swift */ = {isa = PBXFileReference; fileEncoding = 4; lastKnownFileType = sourcecode.swift; path = CheckoutSuccessViewController.swift; sourceTree = "<group>"; };
		E2C57C971F31EA5600788935 /* CheckoutViewController.swift */ = {isa = PBXFileReference; fileEncoding = 4; lastKnownFileType = sourcecode.swift; path = CheckoutViewController.swift; sourceTree = "<group>"; };
		E2C57C981F31EA5600788935 /* HomeViewController.swift */ = {isa = PBXFileReference; fileEncoding = 4; lastKnownFileType = sourcecode.swift; path = HomeViewController.swift; sourceTree = "<group>"; };
		E2C57C991F31EA5600788935 /* LoadingIndicatorView.swift */ = {isa = PBXFileReference; fileEncoding = 4; lastKnownFileType = sourcecode.swift; path = LoadingIndicatorView.swift; sourceTree = "<group>"; };
		E2C57C9A1F31EA5600788935 /* PaymentConfirmationViewController.swift */ = {isa = PBXFileReference; fileEncoding = 4; lastKnownFileType = sourcecode.swift; path = PaymentConfirmationViewController.swift; sourceTree = "<group>"; };
		E2C57C9B1F31EA5600788935 /* PaymentDetailsViewController.swift */ = {isa = PBXFileReference; fileEncoding = 4; lastKnownFileType = sourcecode.swift; path = PaymentDetailsViewController.swift; sourceTree = "<group>"; };
		E2C57C9C1F31EA5600788935 /* PaymentDetailsViewControllerFactory.swift */ = {isa = PBXFileReference; fileEncoding = 4; lastKnownFileType = sourcecode.swift; path = PaymentDetailsViewControllerFactory.swift; sourceTree = "<group>"; };
		E2C57C9D1F31EA5600788935 /* PaymentMethodImageCache.swift */ = {isa = PBXFileReference; fileEncoding = 4; lastKnownFileType = sourcecode.swift; path = PaymentMethodImageCache.swift; sourceTree = "<group>"; };
		E2C57C9E1F31EA5600788935 /* PaymentMethodSelectionViewController.swift */ = {isa = PBXFileReference; fileEncoding = 4; lastKnownFileType = sourcecode.swift; path = PaymentMethodSelectionViewController.swift; sourceTree = "<group>"; };
		E2C57C9F1F31EA5600788935 /* PaymentRequestManager.swift */ = {isa = PBXFileReference; fileEncoding = 4; lastKnownFileType = sourcecode.swift; path = PaymentRequestManager.swift; sourceTree = "<group>"; };
		E2C57CA01F31EA5600788935 /* Theme.swift */ = {isa = PBXFileReference; fileEncoding = 4; lastKnownFileType = sourcecode.swift; path = Theme.swift; sourceTree = "<group>"; };
		F3CA746AFB52B27821757AAA /* Pods-Custom Integration Example.debug.xcconfig */ = {isa = PBXFileReference; includeInIndex = 1; lastKnownFileType = text.xcconfig; name = "Pods-Custom Integration Example.debug.xcconfig"; path = "Pods/Target Support Files/Pods-Custom Integration Example/Pods-Custom Integration Example.debug.xcconfig"; sourceTree = "<group>"; };
/* End PBXFileReference section */

/* Begin PBXFrameworksBuildPhase section */
		E2C57C791F31E99800788935 /* Frameworks */ = {
			isa = PBXFrameworksBuildPhase;
			buildActionMask = 2147483647;
			files = (
				99C64656E86A5D111C725ECD /* Pods_Custom_Integration_Example.framework in Frameworks */,
			);
			runOnlyForDeploymentPostprocessing = 0;
		};
/* End PBXFrameworksBuildPhase section */

/* Begin PBXGroup section */
		17BA8C164D25021062CE4FD2 /* Frameworks */ = {
			isa = PBXGroup;
			children = (
				5F80B9252F01253D3BEE60A2 /* Pods_Custom_Integration_Example.framework */,
			);
			name = Frameworks;
			sourceTree = "<group>";
		};
		E2C57C731F31E99800788935 = {
			isa = PBXGroup;
			children = (
				E2C57C7E1F31E99800788935 /* Custom Integration Example */,
				E2C57C7D1F31E99800788935 /* Products */,
				ED7509868EE3F38A9329FE1A /* Pods */,
				17BA8C164D25021062CE4FD2 /* Frameworks */,
			);
			sourceTree = "<group>";
		};
		E2C57C7D1F31E99800788935 /* Products */ = {
			isa = PBXGroup;
			children = (
				E2C57C7C1F31E99800788935 /* Custom Integration Example.app */,
			);
			name = Products;
			sourceTree = "<group>";
		};
		E2C57C7E1F31E99800788935 /* Custom Integration Example */ = {
			isa = PBXGroup;
			children = (
				E2C57C7F1F31E99800788935 /* AppDelegate.swift */,
				E2C57C911F31EA5600788935 /* CardDetailsViewController.swift */,
				E2C57C921F31EA5600788935 /* CartViewController.swift */,
				E2C57C931F31EA5600788935 /* CheckoutFailureViewController.swift */,
				E2C57C941F31EA5600788935 /* CheckoutFlowNavigationController.swift */,
				E2C57C951F31EA5600788935 /* CheckoutStatusViewController.swift */,
				E2C57C961F31EA5600788935 /* CheckoutSuccessViewController.swift */,
				E2C57C971F31EA5600788935 /* CheckoutViewController.swift */,
				E2C57C981F31EA5600788935 /* HomeViewController.swift */,
				E2C57C991F31EA5600788935 /* LoadingIndicatorView.swift */,
				E2C57C9A1F31EA5600788935 /* PaymentConfirmationViewController.swift */,
				E2C57C9B1F31EA5600788935 /* PaymentDetailsViewController.swift */,
				E2C57C9C1F31EA5600788935 /* PaymentDetailsViewControllerFactory.swift */,
				E2C57C9D1F31EA5600788935 /* PaymentMethodImageCache.swift */,
				E2C57C9E1F31EA5600788935 /* PaymentMethodSelectionViewController.swift */,
				E2C57C9F1F31EA5600788935 /* PaymentRequestManager.swift */,
				E2C57CA01F31EA5600788935 /* Theme.swift */,
				E2C57C861F31E99800788935 /* Assets.xcassets */,
				E2C57C881F31E99800788935 /* LaunchScreen.storyboard */,
				E2C57C8B1F31E99800788935 /* Info.plist */,
			);
			path = "Custom Integration Example";
			sourceTree = "<group>";
		};
		ED7509868EE3F38A9329FE1A /* Pods */ = {
			isa = PBXGroup;
			children = (
				F3CA746AFB52B27821757AAA /* Pods-Custom Integration Example.debug.xcconfig */,
				6B5113C69A5283E203064AB1 /* Pods-Custom Integration Example.release.xcconfig */,
			);
			name = Pods;
			sourceTree = "<group>";
		};
/* End PBXGroup section */

/* Begin PBXNativeTarget section */
		E2C57C7B1F31E99800788935 /* Custom Integration Example */ = {
			isa = PBXNativeTarget;
			buildConfigurationList = E2C57C8E1F31E99800788935 /* Build configuration list for PBXNativeTarget "Custom Integration Example" */;
			buildPhases = (
				1DEAC186F0A1A71293E8F77B /* [CP] Check Pods Manifest.lock */,
				E2C57C781F31E99800788935 /* Sources */,
				E2C57C791F31E99800788935 /* Frameworks */,
				E2C57C7A1F31E99800788935 /* Resources */,
				B709C6FC7438AE0DC8972ACD /* [CP] Embed Pods Frameworks */,
			);
			buildRules = (
			);
			dependencies = (
			);
			name = "Custom Integration Example";
			productName = "Custom Integration Example";
			productReference = E2C57C7C1F31E99800788935 /* Custom Integration Example.app */;
			productType = "com.apple.product-type.application";
		};
/* End PBXNativeTarget section */

/* Begin PBXProject section */
		E2C57C741F31E99800788935 /* Project object */ = {
			isa = PBXProject;
			attributes = {
				LastSwiftUpdateCheck = 0830;
				LastUpgradeCheck = 0940;
				ORGANIZATIONNAME = Adyen;
				TargetAttributes = {
					E2C57C7B1F31E99800788935 = {
						CreatedOnToolsVersion = 8.3.3;
						ProvisioningStyle = Automatic;
					};
				};
			};
			buildConfigurationList = E2C57C771F31E99800788935 /* Build configuration list for PBXProject "Custom Integration Example" */;
			compatibilityVersion = "Xcode 3.2";
			developmentRegion = English;
			hasScannedForEncodings = 0;
			knownRegions = (
				en,
				Base,
			);
			mainGroup = E2C57C731F31E99800788935;
			productRefGroup = E2C57C7D1F31E99800788935 /* Products */;
			projectDirPath = "";
			projectRoot = "";
			targets = (
				E2C57C7B1F31E99800788935 /* Custom Integration Example */,
			);
		};
/* End PBXProject section */

/* Begin PBXResourcesBuildPhase section */
		E2C57C7A1F31E99800788935 /* Resources */ = {
			isa = PBXResourcesBuildPhase;
			buildActionMask = 2147483647;
			files = (
				E2C57C8A1F31E99800788935 /* LaunchScreen.storyboard in Resources */,
				E2C57C871F31E99800788935 /* Assets.xcassets in Resources */,
			);
			runOnlyForDeploymentPostprocessing = 0;
		};
/* End PBXResourcesBuildPhase section */

/* Begin PBXShellScriptBuildPhase section */
		1DEAC186F0A1A71293E8F77B /* [CP] Check Pods Manifest.lock */ = {
			isa = PBXShellScriptBuildPhase;
			buildActionMask = 2147483647;
			files = (
			);
			inputPaths = (
				"${PODS_PODFILE_DIR_PATH}/Podfile.lock",
				"${PODS_ROOT}/Manifest.lock",
			);
			name = "[CP] Check Pods Manifest.lock";
			outputPaths = (
				"$(DERIVED_FILE_DIR)/Pods-Custom Integration Example-checkManifestLockResult.txt",
			);
			runOnlyForDeploymentPostprocessing = 0;
			shellPath = /bin/sh;
			shellScript = "diff \"${PODS_PODFILE_DIR_PATH}/Podfile.lock\" \"${PODS_ROOT}/Manifest.lock\" > /dev/null\nif [ $? != 0 ] ; then\n    # print error to STDERR\n    echo \"error: The sandbox is not in sync with the Podfile.lock. Run 'pod install' or update your CocoaPods installation.\" >&2\n    exit 1\nfi\n# This output is used by Xcode 'outputs' to avoid re-running this script phase.\necho \"SUCCESS\" > \"${SCRIPT_OUTPUT_FILE_0}\"\n";
			showEnvVarsInLog = 0;
		};
		B709C6FC7438AE0DC8972ACD /* [CP] Embed Pods Frameworks */ = {
			isa = PBXShellScriptBuildPhase;
			buildActionMask = 2147483647;
			files = (
			);
			inputPaths = (
				"${PODS_ROOT}/Target Support Files/Pods-Custom Integration Example/Pods-Custom Integration Example-frameworks.sh",
				"${BUILT_PRODUCTS_DIR}/Adyen/Adyen.framework",
				"${PODS_ROOT}/Adyen3DS2/Dynamic/Adyen3DS2.framework",
				"${BUILT_PRODUCTS_DIR}/AdyenInternal/AdyenInternal.framework",
			);
			name = "[CP] Embed Pods Frameworks";
			outputPaths = (
				"${TARGET_BUILD_DIR}/${FRAMEWORKS_FOLDER_PATH}/Adyen.framework",
				"${TARGET_BUILD_DIR}/${FRAMEWORKS_FOLDER_PATH}/Adyen3DS2.framework",
				"${TARGET_BUILD_DIR}/${FRAMEWORKS_FOLDER_PATH}/AdyenInternal.framework",
			);
			runOnlyForDeploymentPostprocessing = 0;
			shellPath = /bin/sh;
			shellScript = "\"${PODS_ROOT}/Target Support Files/Pods-Custom Integration Example/Pods-Custom Integration Example-frameworks.sh\"\n";
			showEnvVarsInLog = 0;
		};
/* End PBXShellScriptBuildPhase section */

/* Begin PBXSourcesBuildPhase section */
		E2C57C781F31E99800788935 /* Sources */ = {
			isa = PBXSourcesBuildPhase;
			buildActionMask = 2147483647;
			files = (
				E2C57CA61F31EA5600788935 /* CheckoutSuccessViewController.swift in Sources */,
				E2C57CAE1F31EA5600788935 /* PaymentMethodSelectionViewController.swift in Sources */,
				E2C57CA91F31EA5600788935 /* LoadingIndicatorView.swift in Sources */,
				E2C57C801F31E99800788935 /* AppDelegate.swift in Sources */,
				E2C57CA21F31EA5600788935 /* CartViewController.swift in Sources */,
				E2C57CAB1F31EA5600788935 /* PaymentDetailsViewController.swift in Sources */,
				E2C57CA41F31EA5600788935 /* CheckoutFlowNavigationController.swift in Sources */,
				E2C57CAC1F31EA5600788935 /* PaymentDetailsViewControllerFactory.swift in Sources */,
				E2C57CAF1F31EA5600788935 /* PaymentRequestManager.swift in Sources */,
				E2C57CA71F31EA5600788935 /* CheckoutViewController.swift in Sources */,
				E2C57CAA1F31EA5600788935 /* PaymentConfirmationViewController.swift in Sources */,
				E2C57CA81F31EA5600788935 /* HomeViewController.swift in Sources */,
				E2C57CAD1F31EA5600788935 /* PaymentMethodImageCache.swift in Sources */,
				E2C57CA11F31EA5600788935 /* CardDetailsViewController.swift in Sources */,
				E2C57CA51F31EA5600788935 /* CheckoutStatusViewController.swift in Sources */,
				E2C57CA31F31EA5600788935 /* CheckoutFailureViewController.swift in Sources */,
				E2C57CB01F31EA5600788935 /* Theme.swift in Sources */,
			);
			runOnlyForDeploymentPostprocessing = 0;
		};
/* End PBXSourcesBuildPhase section */

/* Begin PBXVariantGroup section */
		E2C57C881F31E99800788935 /* LaunchScreen.storyboard */ = {
			isa = PBXVariantGroup;
			children = (
				E2C57C891F31E99800788935 /* Base */,
			);
			name = LaunchScreen.storyboard;
			sourceTree = "<group>";
		};
/* End PBXVariantGroup section */

/* Begin XCBuildConfiguration section */
		E2C57C8C1F31E99800788935 /* Debug */ = {
			isa = XCBuildConfiguration;
			buildSettings = {
				ALWAYS_SEARCH_USER_PATHS = NO;
				CLANG_ANALYZER_NONNULL = YES;
				CLANG_ANALYZER_NUMBER_OBJECT_CONVERSION = YES_AGGRESSIVE;
				CLANG_CXX_LANGUAGE_STANDARD = "gnu++0x";
				CLANG_CXX_LIBRARY = "libc++";
				CLANG_ENABLE_MODULES = YES;
				CLANG_ENABLE_OBJC_ARC = YES;
				CLANG_WARN_BLOCK_CAPTURE_AUTORELEASING = YES;
				CLANG_WARN_BOOL_CONVERSION = YES;
				CLANG_WARN_COMMA = YES;
				CLANG_WARN_CONSTANT_CONVERSION = YES;
				CLANG_WARN_DEPRECATED_OBJC_IMPLEMENTATIONS = YES;
				CLANG_WARN_DIRECT_OBJC_ISA_USAGE = YES_ERROR;
				CLANG_WARN_DOCUMENTATION_COMMENTS = YES;
				CLANG_WARN_EMPTY_BODY = YES;
				CLANG_WARN_ENUM_CONVERSION = YES;
				CLANG_WARN_INFINITE_RECURSION = YES;
				CLANG_WARN_INT_CONVERSION = YES;
				CLANG_WARN_NON_LITERAL_NULL_CONVERSION = YES;
				CLANG_WARN_OBJC_IMPLICIT_RETAIN_SELF = YES;
				CLANG_WARN_OBJC_LITERAL_CONVERSION = YES;
				CLANG_WARN_OBJC_ROOT_CLASS = YES_ERROR;
				CLANG_WARN_RANGE_LOOP_ANALYSIS = YES;
				CLANG_WARN_STRICT_PROTOTYPES = YES;
				CLANG_WARN_SUSPICIOUS_MOVE = YES;
				CLANG_WARN_UNREACHABLE_CODE = YES;
				CLANG_WARN__DUPLICATE_METHOD_MATCH = YES;
				"CODE_SIGN_IDENTITY[sdk=iphoneos*]" = "iPhone Developer";
				COPY_PHASE_STRIP = NO;
				DEBUG_INFORMATION_FORMAT = dwarf;
				ENABLE_STRICT_OBJC_MSGSEND = YES;
				ENABLE_TESTABILITY = YES;
				GCC_C_LANGUAGE_STANDARD = gnu99;
				GCC_DYNAMIC_NO_PIC = NO;
				GCC_NO_COMMON_BLOCKS = YES;
				GCC_OPTIMIZATION_LEVEL = 0;
				GCC_PREPROCESSOR_DEFINITIONS = (
					"DEBUG=1",
					"$(inherited)",
				);
				GCC_WARN_64_TO_32_BIT_CONVERSION = YES;
				GCC_WARN_ABOUT_RETURN_TYPE = YES_ERROR;
				GCC_WARN_UNDECLARED_SELECTOR = YES;
				GCC_WARN_UNINITIALIZED_AUTOS = YES_AGGRESSIVE;
				GCC_WARN_UNUSED_FUNCTION = YES;
				GCC_WARN_UNUSED_VARIABLE = YES;
				IPHONEOS_DEPLOYMENT_TARGET = 10.3;
				MTL_ENABLE_DEBUG_INFO = YES;
				ONLY_ACTIVE_ARCH = YES;
				SDKROOT = iphoneos;
				SWIFT_ACTIVE_COMPILATION_CONDITIONS = DEBUG;
				SWIFT_OPTIMIZATION_LEVEL = "-Onone";
				SWIFT_VERSION = 4.0;
				TARGETED_DEVICE_FAMILY = "1,2";
			};
			name = Debug;
		};
		E2C57C8D1F31E99800788935 /* Release */ = {
			isa = XCBuildConfiguration;
			buildSettings = {
				ALWAYS_SEARCH_USER_PATHS = NO;
				CLANG_ANALYZER_NONNULL = YES;
				CLANG_ANALYZER_NUMBER_OBJECT_CONVERSION = YES_AGGRESSIVE;
				CLANG_CXX_LANGUAGE_STANDARD = "gnu++0x";
				CLANG_CXX_LIBRARY = "libc++";
				CLANG_ENABLE_MODULES = YES;
				CLANG_ENABLE_OBJC_ARC = YES;
				CLANG_WARN_BLOCK_CAPTURE_AUTORELEASING = YES;
				CLANG_WARN_BOOL_CONVERSION = YES;
				CLANG_WARN_COMMA = YES;
				CLANG_WARN_CONSTANT_CONVERSION = YES;
				CLANG_WARN_DEPRECATED_OBJC_IMPLEMENTATIONS = YES;
				CLANG_WARN_DIRECT_OBJC_ISA_USAGE = YES_ERROR;
				CLANG_WARN_DOCUMENTATION_COMMENTS = YES;
				CLANG_WARN_EMPTY_BODY = YES;
				CLANG_WARN_ENUM_CONVERSION = YES;
				CLANG_WARN_INFINITE_RECURSION = YES;
				CLANG_WARN_INT_CONVERSION = YES;
				CLANG_WARN_NON_LITERAL_NULL_CONVERSION = YES;
				CLANG_WARN_OBJC_IMPLICIT_RETAIN_SELF = YES;
				CLANG_WARN_OBJC_LITERAL_CONVERSION = YES;
				CLANG_WARN_OBJC_ROOT_CLASS = YES_ERROR;
				CLANG_WARN_RANGE_LOOP_ANALYSIS = YES;
				CLANG_WARN_STRICT_PROTOTYPES = YES;
				CLANG_WARN_SUSPICIOUS_MOVE = YES;
				CLANG_WARN_UNREACHABLE_CODE = YES;
				CLANG_WARN__DUPLICATE_METHOD_MATCH = YES;
				"CODE_SIGN_IDENTITY[sdk=iphoneos*]" = "iPhone Developer";
				COPY_PHASE_STRIP = NO;
				DEBUG_INFORMATION_FORMAT = "dwarf-with-dsym";
				ENABLE_NS_ASSERTIONS = NO;
				ENABLE_STRICT_OBJC_MSGSEND = YES;
				GCC_C_LANGUAGE_STANDARD = gnu99;
				GCC_NO_COMMON_BLOCKS = YES;
				GCC_WARN_64_TO_32_BIT_CONVERSION = YES;
				GCC_WARN_ABOUT_RETURN_TYPE = YES_ERROR;
				GCC_WARN_UNDECLARED_SELECTOR = YES;
				GCC_WARN_UNINITIALIZED_AUTOS = YES_AGGRESSIVE;
				GCC_WARN_UNUSED_FUNCTION = YES;
				GCC_WARN_UNUSED_VARIABLE = YES;
				IPHONEOS_DEPLOYMENT_TARGET = 10.3;
				MTL_ENABLE_DEBUG_INFO = NO;
				SDKROOT = iphoneos;
				SWIFT_OPTIMIZATION_LEVEL = "-Owholemodule";
				SWIFT_VERSION = 4.0;
				TARGETED_DEVICE_FAMILY = "1,2";
				VALIDATE_PRODUCT = YES;
			};
			name = Release;
		};
		E2C57C8F1F31E99800788935 /* Debug */ = {
			isa = XCBuildConfiguration;
			baseConfigurationReference = F3CA746AFB52B27821757AAA /* Pods-Custom Integration Example.debug.xcconfig */;
			buildSettings = {
				ASSETCATALOG_COMPILER_APPICON_NAME = AppIcon;
				INFOPLIST_FILE = "Custom Integration Example/Info.plist";
				LD_RUNPATH_SEARCH_PATHS = "$(inherited) @executable_path/Frameworks";
				PRODUCT_BUNDLE_IDENTIFIER = "com.adyen.Custom-Integration-Example";
				PRODUCT_NAME = "$(TARGET_NAME)";
				TARGETED_DEVICE_FAMILY = 1;
			};
			name = Debug;
		};
		E2C57C901F31E99800788935 /* Release */ = {
			isa = XCBuildConfiguration;
			baseConfigurationReference = 6B5113C69A5283E203064AB1 /* Pods-Custom Integration Example.release.xcconfig */;
			buildSettings = {
				ASSETCATALOG_COMPILER_APPICON_NAME = AppIcon;
				INFOPLIST_FILE = "Custom Integration Example/Info.plist";
				LD_RUNPATH_SEARCH_PATHS = "$(inherited) @executable_path/Frameworks";
				PRODUCT_BUNDLE_IDENTIFIER = "com.adyen.Custom-Integration-Example";
				PRODUCT_NAME = "$(TARGET_NAME)";
				TARGETED_DEVICE_FAMILY = 1;
			};
			name = Release;
		};
/* End XCBuildConfiguration section */

/* Begin XCConfigurationList section */
		E2C57C771F31E99800788935 /* Build configuration list for PBXProject "Custom Integration Example" */ = {
			isa = XCConfigurationList;
			buildConfigurations = (
				E2C57C8C1F31E99800788935 /* Debug */,
				E2C57C8D1F31E99800788935 /* Release */,
			);
			defaultConfigurationIsVisible = 0;
			defaultConfigurationName = Release;
		};
		E2C57C8E1F31E99800788935 /* Build configuration list for PBXNativeTarget "Custom Integration Example" */ = {
			isa = XCConfigurationList;
			buildConfigurations = (
				E2C57C8F1F31E99800788935 /* Debug */,
				E2C57C901F31E99800788935 /* Release */,
			);
			defaultConfigurationIsVisible = 0;
			defaultConfigurationName = Release;
		};
/* End XCConfigurationList section */
	};
	rootObject = E2C57C741F31E99800788935 /* Project object */;
}
