// !$*UTF8*$!
{
	archiveVersion = 1;
	classes = {
	};
	objectVersion = 50;
	objects = {

/* Begin PBXBuildFile section */
		7CD2519020D96BE7005B0010 /* AppDelegate.swift in Sources */ = {isa = PBXBuildFile; fileRef = 7CD2518F20D96BE7005B0010 /* AppDelegate.swift */; };
		7CD2519220D96BE7005B0010 /* ViewController.swift in Sources */ = {isa = PBXBuildFile; fileRef = 7CD2519120D96BE7005B0010 /* ViewController.swift */; };
		7CD2519520D96BE7005B0010 /* Main.storyboard in Resources */ = {isa = PBXBuildFile; fileRef = 7CD2519320D96BE7005B0010 /* Main.storyboard */; };
		7CD2519720D96BF3005B0010 /* Assets.xcassets in Resources */ = {isa = PBXBuildFile; fileRef = 7CD2519620D96BF3005B0010 /* Assets.xcassets */; };
		7CD2519A20D96BF3005B0010 /* LaunchScreen.storyboard in Resources */ = {isa = PBXBuildFile; fileRef = 7CD2519820D96BF3005B0010 /* LaunchScreen.storyboard */; };
		7CD251A720D97686005B0010 /* AdyenApplePay.framework in Frameworks */ = {isa = PBXBuildFile; fileRef = 7CD251A220D97686005B0010 /* AdyenApplePay.framework */; };
		7CD251A820D97686005B0010 /* AdyenSEPA.framework in Frameworks */ = {isa = PBXBuildFile; fileRef = 7CD251A320D97686005B0010 /* AdyenSEPA.framework */; };
		7CD251A920D97686005B0010 /* AdyenCard.framework in Frameworks */ = {isa = PBXBuildFile; fileRef = 7CD251A420D97686005B0010 /* AdyenCard.framework */; };
		7CD251AA20D97686005B0010 /* Adyen.framework in Frameworks */ = {isa = PBXBuildFile; fileRef = 7CD251A520D97686005B0010 /* Adyen.framework */; };
		7CD251AB20D97686005B0010 /* AdyenInternal.framework in Frameworks */ = {isa = PBXBuildFile; fileRef = 7CD251A620D97686005B0010 /* AdyenInternal.framework */; };
		7CD251AE20D983EC005B0010 /* Configuration.swift in Sources */ = {isa = PBXBuildFile; fileRef = 7CD251AD20D983EC005B0010 /* Configuration.swift */; };
		E9365ECA2121B28F006CF1D4 /* AdyenWeChatPay.framework in Frameworks */ = {isa = PBXBuildFile; fileRef = E9365EC92121B28F006CF1D4 /* AdyenWeChatPay.framework */; };
/* End PBXBuildFile section */

/* Begin PBXFileReference section */
		7CD2518C20D96BE7005B0010 /* Carthage Example.app */ = {isa = PBXFileReference; explicitFileType = wrapper.application; includeInIndex = 0; path = "Carthage Example.app"; sourceTree = BUILT_PRODUCTS_DIR; };
		7CD2518F20D96BE7005B0010 /* AppDelegate.swift */ = {isa = PBXFileReference; lastKnownFileType = sourcecode.swift; path = AppDelegate.swift; sourceTree = "<group>"; };
		7CD2519120D96BE7005B0010 /* ViewController.swift */ = {isa = PBXFileReference; lastKnownFileType = sourcecode.swift; path = ViewController.swift; sourceTree = "<group>"; };
		7CD2519420D96BE7005B0010 /* Base */ = {isa = PBXFileReference; lastKnownFileType = file.storyboard; name = Base; path = Base.lproj/Main.storyboard; sourceTree = "<group>"; };
		7CD2519620D96BF3005B0010 /* Assets.xcassets */ = {isa = PBXFileReference; lastKnownFileType = folder.assetcatalog; path = Assets.xcassets; sourceTree = "<group>"; };
		7CD2519920D96BF3005B0010 /* Base */ = {isa = PBXFileReference; lastKnownFileType = file.storyboard; name = Base; path = Base.lproj/LaunchScreen.storyboard; sourceTree = "<group>"; };
		7CD2519B20D96BF3005B0010 /* Info.plist */ = {isa = PBXFileReference; lastKnownFileType = text.plist.xml; path = Info.plist; sourceTree = "<group>"; };
		7CD251A220D97686005B0010 /* AdyenApplePay.framework */ = {isa = PBXFileReference; lastKnownFileType = wrapper.framework; name = AdyenApplePay.framework; path = Carthage/Build/iOS/AdyenApplePay.framework; sourceTree = "<group>"; };
		7CD251A320D97686005B0010 /* AdyenSEPA.framework */ = {isa = PBXFileReference; lastKnownFileType = wrapper.framework; name = AdyenSEPA.framework; path = Carthage/Build/iOS/AdyenSEPA.framework; sourceTree = "<group>"; };
		7CD251A420D97686005B0010 /* AdyenCard.framework */ = {isa = PBXFileReference; lastKnownFileType = wrapper.framework; name = AdyenCard.framework; path = Carthage/Build/iOS/AdyenCard.framework; sourceTree = "<group>"; };
		7CD251A520D97686005B0010 /* Adyen.framework */ = {isa = PBXFileReference; lastKnownFileType = wrapper.framework; name = Adyen.framework; path = Carthage/Build/iOS/Adyen.framework; sourceTree = "<group>"; };
		7CD251A620D97686005B0010 /* AdyenInternal.framework */ = {isa = PBXFileReference; lastKnownFileType = wrapper.framework; name = AdyenInternal.framework; path = Carthage/Build/iOS/AdyenInternal.framework; sourceTree = "<group>"; };
		7CD251AD20D983EC005B0010 /* Configuration.swift */ = {isa = PBXFileReference; fileEncoding = 4; lastKnownFileType = sourcecode.swift; name = Configuration.swift; path = ../../../AdyenUIHost/Configuration.swift; sourceTree = "<group>"; };
		E9365EC92121B28F006CF1D4 /* AdyenWeChatPay.framework */ = {isa = PBXFileReference; lastKnownFileType = wrapper.framework; name = AdyenWeChatPay.framework; path = Carthage/Build/iOS/AdyenWeChatPay.framework; sourceTree = "<group>"; };
/* End PBXFileReference section */

/* Begin PBXFrameworksBuildPhase section */
		7CD2518920D96BE7005B0010 /* Frameworks */ = {
			isa = PBXFrameworksBuildPhase;
			buildActionMask = 2147483647;
			files = (
				E9365ECA2121B28F006CF1D4 /* AdyenWeChatPay.framework in Frameworks */,
				7CD251A720D97686005B0010 /* AdyenApplePay.framework in Frameworks */,
				7CD251A820D97686005B0010 /* AdyenSEPA.framework in Frameworks */,
				7CD251A920D97686005B0010 /* AdyenCard.framework in Frameworks */,
				7CD251AA20D97686005B0010 /* Adyen.framework in Frameworks */,
				7CD251AB20D97686005B0010 /* AdyenInternal.framework in Frameworks */,
			);
			runOnlyForDeploymentPostprocessing = 0;
		};
/* End PBXFrameworksBuildPhase section */

/* Begin PBXGroup section */
		7CD2518320D96BE7005B0010 = {
			isa = PBXGroup;
			children = (
				7CD2518E20D96BE7005B0010 /* Carthage Example */,
				7CD2518D20D96BE7005B0010 /* Products */,
				7CD251A120D97685005B0010 /* Frameworks */,
			);
			sourceTree = "<group>";
		};
		7CD2518D20D96BE7005B0010 /* Products */ = {
			isa = PBXGroup;
			children = (
				7CD2518C20D96BE7005B0010 /* Carthage Example.app */,
			);
			name = Products;
			sourceTree = "<group>";
		};
		7CD2518E20D96BE7005B0010 /* Carthage Example */ = {
			isa = PBXGroup;
			children = (
				7CD251AD20D983EC005B0010 /* Configuration.swift */,
				7CD2518F20D96BE7005B0010 /* AppDelegate.swift */,
				7CD2519120D96BE7005B0010 /* ViewController.swift */,
				7CD2519320D96BE7005B0010 /* Main.storyboard */,
				7CD2519620D96BF3005B0010 /* Assets.xcassets */,
				7CD2519820D96BF3005B0010 /* LaunchScreen.storyboard */,
				7CD2519B20D96BF3005B0010 /* Info.plist */,
			);
			path = "Carthage Example";
			sourceTree = "<group>";
		};
		7CD251A120D97685005B0010 /* Frameworks */ = {
			isa = PBXGroup;
			children = (
				E9365EC92121B28F006CF1D4 /* AdyenWeChatPay.framework */,
				7CD251A520D97686005B0010 /* Adyen.framework */,
				7CD251A220D97686005B0010 /* AdyenApplePay.framework */,
				7CD251A420D97686005B0010 /* AdyenCard.framework */,
				7CD251A620D97686005B0010 /* AdyenInternal.framework */,
				7CD251A320D97686005B0010 /* AdyenSEPA.framework */,
			);
			name = Frameworks;
			sourceTree = "<group>";
		};
/* End PBXGroup section */

/* Begin PBXNativeTarget section */
		7CD2518B20D96BE7005B0010 /* Carthage Example */ = {
			isa = PBXNativeTarget;
			buildConfigurationList = 7CD2519E20D96BF3005B0010 /* Build configuration list for PBXNativeTarget "Carthage Example" */;
			buildPhases = (
				7CD2518820D96BE7005B0010 /* Sources */,
				7CD2518920D96BE7005B0010 /* Frameworks */,
				7CD2518A20D96BE7005B0010 /* Resources */,
				7CD251AC20D976CE005B0010 /* Carthage */,
			);
			buildRules = (
			);
			dependencies = (
			);
			name = "Carthage Example";
			productName = "Carthage Sample Integration";
			productReference = 7CD2518C20D96BE7005B0010 /* Carthage Example.app */;
			productType = "com.apple.product-type.application";
		};
/* End PBXNativeTarget section */

/* Begin PBXProject section */
		7CD2518420D96BE7005B0010 /* Project object */ = {
			isa = PBXProject;
			attributes = {
				LastSwiftUpdateCheck = 0940;
				LastUpgradeCheck = 0940;
				ORGANIZATIONNAME = "Oleg Lutsenko";
				TargetAttributes = {
					7CD2518B20D96BE7005B0010 = {
						CreatedOnToolsVersion = 9.4;
					};
				};
			};
			buildConfigurationList = 7CD2518720D96BE7005B0010 /* Build configuration list for PBXProject "Carthage Example" */;
			compatibilityVersion = "Xcode 9.3";
			developmentRegion = en;
			hasScannedForEncodings = 0;
			knownRegions = (
				en,
				Base,
			);
			mainGroup = 7CD2518320D96BE7005B0010;
			productRefGroup = 7CD2518D20D96BE7005B0010 /* Products */;
			projectDirPath = "";
			projectRoot = "";
			targets = (
				7CD2518B20D96BE7005B0010 /* Carthage Example */,
			);
		};
/* End PBXProject section */

/* Begin PBXResourcesBuildPhase section */
		7CD2518A20D96BE7005B0010 /* Resources */ = {
			isa = PBXResourcesBuildPhase;
			buildActionMask = 2147483647;
			files = (
				7CD2519A20D96BF3005B0010 /* LaunchScreen.storyboard in Resources */,
				7CD2519720D96BF3005B0010 /* Assets.xcassets in Resources */,
				7CD2519520D96BE7005B0010 /* Main.storyboard in Resources */,
			);
			runOnlyForDeploymentPostprocessing = 0;
		};
/* End PBXResourcesBuildPhase section */

/* Begin PBXShellScriptBuildPhase section */
		7CD251AC20D976CE005B0010 /* Carthage */ = {
			isa = PBXShellScriptBuildPhase;
			buildActionMask = 2147483647;
			files = (
			);
			inputPaths = (
				"$(SRCROOT)/Carthage/Build/iOS/Adyen.framework",
				"$(SRCROOT)/Carthage/Build/iOS/AdyenInternal.framework",
				"$(SRCROOT)/Carthage/Build/iOS/AdyenApplePay.framework",
				"$(SRCROOT)/Carthage/Build/iOS/AdyenCard.framework",
				"$(SRCROOT)/Carthage/Build/iOS/AdyenSEPA.framework",
				"$(SRCROOT)/Carthage/Build/iOS/AdyenWeChatPay.framework",
			);
			name = Carthage;
			outputPaths = (
			);
			runOnlyForDeploymentPostprocessing = 0;
			shellPath = /bin/sh;
			shellScript = "/usr/local/bin/carthage copy-frameworks";
		};
/* End PBXShellScriptBuildPhase section */

/* Begin PBXSourcesBuildPhase section */
		7CD2518820D96BE7005B0010 /* Sources */ = {
			isa = PBXSourcesBuildPhase;
			buildActionMask = 2147483647;
			files = (
				7CD251AE20D983EC005B0010 /* Configuration.swift in Sources */,
				7CD2519220D96BE7005B0010 /* ViewController.swift in Sources */,
				7CD2519020D96BE7005B0010 /* AppDelegate.swift in Sources */,
			);
			runOnlyForDeploymentPostprocessing = 0;
		};
/* End PBXSourcesBuildPhase section */

/* Begin PBXVariantGroup section */
		7CD2519320D96BE7005B0010 /* Main.storyboard */ = {
			isa = PBXVariantGroup;
			children = (
				7CD2519420D96BE7005B0010 /* Base */,
			);
			name = Main.storyboard;
			sourceTree = "<group>";
		};
		7CD2519820D96BF3005B0010 /* LaunchScreen.storyboard */ = {
			isa = PBXVariantGroup;
			children = (
				7CD2519920D96BF3005B0010 /* Base */,
			);
			name = LaunchScreen.storyboard;
			sourceTree = "<group>";
		};
/* End PBXVariantGroup section */

/* Begin XCBuildConfiguration section */
		7CD2519C20D96BF3005B0010 /* Debug */ = {
			isa = XCBuildConfiguration;
			buildSettings = {
				ALWAYS_SEARCH_USER_PATHS = NO;
				CLANG_ANALYZER_NONNULL = YES;
				CLANG_ANALYZER_NUMBER_OBJECT_CONVERSION = YES_AGGRESSIVE;
				CLANG_CXX_LANGUAGE_STANDARD = "gnu++14";
				CLANG_CXX_LIBRARY = "libc++";
				CLANG_ENABLE_MODULES = YES;
				CLANG_ENABLE_OBJC_ARC = YES;
				CLANG_ENABLE_OBJC_WEAK = YES;
				CLANG_WARN_BLOCK_CAPTURE_AUTORELEASING = YES;
				CLANG_WARN_BOOL_CONVERSION = YES;
				CLANG_WARN_COMMA = YES;
				CLANG_WARN_CONSTANT_CONVERSION = YES;
				CLANG_WARN_DEPRECATED_OBJC_IMPLEMENTATIONS = YES;
				CLANG_WARN_DIRECT_OBJC_ISA_USAGE = YES_ERROR;
				CLANG_WARN_DOCUMENTATION_COMMENTS = YES;
				CLANG_WARN_EMPTY_BODY = YES;
				CLANG_WARN_ENUM_CONVERSION = YES;
				CLANG_WARN_INFINITE_RECURSION = YES;
				CLANG_WARN_INT_CONVERSION = YES;
				CLANG_WARN_NON_LITERAL_NULL_CONVERSION = YES;
				CLANG_WARN_OBJC_IMPLICIT_RETAIN_SELF = YES;
				CLANG_WARN_OBJC_LITERAL_CONVERSION = YES;
				CLANG_WARN_OBJC_ROOT_CLASS = YES_ERROR;
				CLANG_WARN_RANGE_LOOP_ANALYSIS = YES;
				CLANG_WARN_STRICT_PROTOTYPES = YES;
				CLANG_WARN_SUSPICIOUS_MOVE = YES;
				CLANG_WARN_UNGUARDED_AVAILABILITY = YES_AGGRESSIVE;
				CLANG_WARN_UNREACHABLE_CODE = YES;
				CLANG_WARN__DUPLICATE_METHOD_MATCH = YES;
				CODE_SIGN_IDENTITY = "iPhone Developer";
				COPY_PHASE_STRIP = NO;
				DEBUG_INFORMATION_FORMAT = dwarf;
				ENABLE_STRICT_OBJC_MSGSEND = YES;
				ENABLE_TESTABILITY = YES;
				GCC_C_LANGUAGE_STANDARD = gnu11;
				GCC_DYNAMIC_NO_PIC = NO;
				GCC_NO_COMMON_BLOCKS = YES;
				GCC_OPTIMIZATION_LEVEL = 0;
				GCC_PREPROCESSOR_DEFINITIONS = (
					"DEBUG=1",
					"$(inherited)",
				);
				GCC_WARN_64_TO_32_BIT_CONVERSION = YES;
				GCC_WARN_ABOUT_RETURN_TYPE = YES_ERROR;
				GCC_WARN_UNDECLARED_SELECTOR = YES;
				GCC_WARN_UNINITIALIZED_AUTOS = YES_AGGRESSIVE;
				GCC_WARN_UNUSED_FUNCTION = YES;
				GCC_WARN_UNUSED_VARIABLE = YES;
				IPHONEOS_DEPLOYMENT_TARGET = 11.4;
				MTL_ENABLE_DEBUG_INFO = YES;
				ONLY_ACTIVE_ARCH = YES;
				SDKROOT = iphoneos;
				SWIFT_ACTIVE_COMPILATION_CONDITIONS = DEBUG;
				SWIFT_OPTIMIZATION_LEVEL = "-Onone";
			};
			name = Debug;
		};
		7CD2519D20D96BF3005B0010 /* Release */ = {
			isa = XCBuildConfiguration;
			buildSettings = {
				ALWAYS_SEARCH_USER_PATHS = NO;
				CLANG_ANALYZER_NONNULL = YES;
				CLANG_ANALYZER_NUMBER_OBJECT_CONVERSION = YES_AGGRESSIVE;
				CLANG_CXX_LANGUAGE_STANDARD = "gnu++14";
				CLANG_CXX_LIBRARY = "libc++";
				CLANG_ENABLE_MODULES = YES;
				CLANG_ENABLE_OBJC_ARC = YES;
				CLANG_ENABLE_OBJC_WEAK = YES;
				CLANG_WARN_BLOCK_CAPTURE_AUTORELEASING = YES;
				CLANG_WARN_BOOL_CONVERSION = YES;
				CLANG_WARN_COMMA = YES;
				CLANG_WARN_CONSTANT_CONVERSION = YES;
				CLANG_WARN_DEPRECATED_OBJC_IMPLEMENTATIONS = YES;
				CLANG_WARN_DIRECT_OBJC_ISA_USAGE = YES_ERROR;
				CLANG_WARN_DOCUMENTATION_COMMENTS = YES;
				CLANG_WARN_EMPTY_BODY = YES;
				CLANG_WARN_ENUM_CONVERSION = YES;
				CLANG_WARN_INFINITE_RECURSION = YES;
				CLANG_WARN_INT_CONVERSION = YES;
				CLANG_WARN_NON_LITERAL_NULL_CONVERSION = YES;
				CLANG_WARN_OBJC_IMPLICIT_RETAIN_SELF = YES;
				CLANG_WARN_OBJC_LITERAL_CONVERSION = YES;
				CLANG_WARN_OBJC_ROOT_CLASS = YES_ERROR;
				CLANG_WARN_RANGE_LOOP_ANALYSIS = YES;
				CLANG_WARN_STRICT_PROTOTYPES = YES;
				CLANG_WARN_SUSPICIOUS_MOVE = YES;
				CLANG_WARN_UNGUARDED_AVAILABILITY = YES_AGGRESSIVE;
				CLANG_WARN_UNREACHABLE_CODE = YES;
				CLANG_WARN__DUPLICATE_METHOD_MATCH = YES;
				CODE_SIGN_IDENTITY = "iPhone Developer";
				COPY_PHASE_STRIP = NO;
				DEBUG_INFORMATION_FORMAT = "dwarf-with-dsym";
				ENABLE_NS_ASSERTIONS = NO;
				ENABLE_STRICT_OBJC_MSGSEND = YES;
				GCC_C_LANGUAGE_STANDARD = gnu11;
				GCC_NO_COMMON_BLOCKS = YES;
				GCC_WARN_64_TO_32_BIT_CONVERSION = YES;
				GCC_WARN_ABOUT_RETURN_TYPE = YES_ERROR;
				GCC_WARN_UNDECLARED_SELECTOR = YES;
				GCC_WARN_UNINITIALIZED_AUTOS = YES_AGGRESSIVE;
				GCC_WARN_UNUSED_FUNCTION = YES;
				GCC_WARN_UNUSED_VARIABLE = YES;
				IPHONEOS_DEPLOYMENT_TARGET = 11.4;
				MTL_ENABLE_DEBUG_INFO = NO;
				SDKROOT = iphoneos;
				SWIFT_COMPILATION_MODE = wholemodule;
				SWIFT_OPTIMIZATION_LEVEL = "-O";
				VALIDATE_PRODUCT = YES;
			};
			name = Release;
		};
		7CD2519F20D96BF3005B0010 /* Debug */ = {
			isa = XCBuildConfiguration;
			buildSettings = {
				ASSETCATALOG_COMPILER_APPICON_NAME = AppIcon;
				CODE_SIGN_STYLE = Automatic;
				DEVELOPMENT_TEAM = B2NYSS5932;
				FRAMEWORK_SEARCH_PATHS = (
					"$(inherited)",
					"$(PROJECT_DIR)/Carthage/Build/iOS",
				);
				INFOPLIST_FILE = "Carthage Example/Info.plist";
				LD_RUNPATH_SEARCH_PATHS = (
					"$(inherited)",
					"@executable_path/Frameworks",
				);
				PRODUCT_BUNDLE_IDENTIFIER = "com.adyen.Carthage-Sample-Integration";
				PRODUCT_NAME = "$(TARGET_NAME)";
				SWIFT_VERSION = 4.0;
				TARGETED_DEVICE_FAMILY = "1,2";
			};
			name = Debug;
		};
		7CD251A020D96BF3005B0010 /* Release */ = {
			isa = XCBuildConfiguration;
			buildSettings = {
				ASSETCATALOG_COMPILER_APPICON_NAME = AppIcon;
				CODE_SIGN_STYLE = Automatic;
				DEVELOPMENT_TEAM = B2NYSS5932;
				FRAMEWORK_SEARCH_PATHS = (
					"$(inherited)",
					"$(PROJECT_DIR)/Carthage/Build/iOS",
				);
				INFOPLIST_FILE = "Carthage Example/Info.plist";
				LD_RUNPATH_SEARCH_PATHS = (
					"$(inherited)",
					"@executable_path/Frameworks",
				);
				PRODUCT_BUNDLE_IDENTIFIER = "com.adyen.Carthage-Sample-Integration";
				PRODUCT_NAME = "$(TARGET_NAME)";
				SWIFT_VERSION = 4.0;
				TARGETED_DEVICE_FAMILY = "1,2";
			};
			name = Release;
		};
/* End XCBuildConfiguration section */

/* Begin XCConfigurationList section */
		7CD2518720D96BE7005B0010 /* Build configuration list for PBXProject "Carthage Example" */ = {
			isa = XCConfigurationList;
			buildConfigurations = (
				7CD2519C20D96BF3005B0010 /* Debug */,
				7CD2519D20D96BF3005B0010 /* Release */,
			);
			defaultConfigurationIsVisible = 0;
			defaultConfigurationName = Release;
		};
		7CD2519E20D96BF3005B0010 /* Build configuration list for PBXNativeTarget "Carthage Example" */ = {
			isa = XCConfigurationList;
			buildConfigurations = (
				7CD2519F20D96BF3005B0010 /* Debug */,
				7CD251A020D96BF3005B0010 /* Release */,
			);
			defaultConfigurationIsVisible = 0;
			defaultConfigurationName = Release;
		};
/* End XCConfigurationList section */
	};
	rootObject = 7CD2518420D96BE7005B0010 /* Project object */;
}
