// !$*UTF8*$!
{
	archiveVersion = 1;
	classes = {
	};
	objectVersion = 46;
	objects = {

/* Begin PBXBuildFile section */
		7C2153881F9906B5006EC276 /* CustomButton.swift in Sources */ = {isa = PBXBuildFile; fileRef = 7C2153871F9906B5006EC276 /* CustomButton.swift */; };
		C27E7952356F601029D68D5F /* Pods_Quick_Integration_Example.framework in Frameworks */ = {isa = PBXBuildFile; fileRef = 891136C5E42625688BDF48CE /* Pods_Quick_Integration_Example.framework */; };
		E20AD22C1EFBEE7D0065B70E /* AppDelegate.swift in Sources */ = {isa = PBXBuildFile; fileRef = E20AD2271EFBEE7D0065B70E /* AppDelegate.swift */; };
		E20AD22D1EFBEE7D0065B70E /* Assets.xcassets in Resources */ = {isa = PBXBuildFile; fileRef = E20AD2281EFBEE7D0065B70E /* Assets.xcassets */; };
		E20AD22E1EFBEE7D0065B70E /* ConfirmationViewController.swift in Sources */ = {isa = PBXBuildFile; fileRef = E20AD2291EFBEE7D0065B70E /* ConfirmationViewController.swift */; };
		E20AD2301EFBEE7D0065B70E /* ShoppingCartViewController.swift in Sources */ = {isa = PBXBuildFile; fileRef = E20AD22B1EFBEE7D0065B70E /* ShoppingCartViewController.swift */; };
		E20AD2331EFBEE8E0065B70E /* LaunchScreen.storyboard in Resources */ = {isa = PBXBuildFile; fileRef = E20AD2311EFBEE8E0065B70E /* LaunchScreen.storyboard */; };
		E22312011F0D255E00FD0677 /* Configuration.swift in Sources */ = {isa = PBXBuildFile; fileRef = E22312001F0D255E00FD0677 /* Configuration.swift */; };
		E28ECE021F066AA4004FCEA6 /* Main.storyboard in Resources */ = {isa = PBXBuildFile; fileRef = E28ECE041F066AA4004FCEA6 /* Main.storyboard */; };
		E9C943891F1FB94B00846E09 /* Settings.bundle in Resources */ = {isa = PBXBuildFile; fileRef = E9C943881F1FB94B00846E09 /* Settings.bundle */; };
/* End PBXBuildFile section */

/* Begin PBXFileReference section */
		2A6421BAC3A94A53A8AC8C15 /* Pods-Quick Integration Example.debug.xcconfig */ = {isa = PBXFileReference; includeInIndex = 1; lastKnownFileType = text.xcconfig; name = "Pods-Quick Integration Example.debug.xcconfig"; path = "Pods/Target Support Files/Pods-Quick Integration Example/Pods-Quick Integration Example.debug.xcconfig"; sourceTree = "<group>"; };
		7C2153871F9906B5006EC276 /* CustomButton.swift */ = {isa = PBXFileReference; lastKnownFileType = sourcecode.swift; path = CustomButton.swift; sourceTree = "<group>"; };
		891136C5E42625688BDF48CE /* Pods_Quick_Integration_Example.framework */ = {isa = PBXFileReference; explicitFileType = wrapper.framework; includeInIndex = 0; path = Pods_Quick_Integration_Example.framework; sourceTree = BUILT_PRODUCTS_DIR; };
		9A917D5EBCCD77052E5B7E65 /* Pods-Quick Integration Example.release.xcconfig */ = {isa = PBXFileReference; includeInIndex = 1; lastKnownFileType = text.xcconfig; name = "Pods-Quick Integration Example.release.xcconfig"; path = "Pods/Target Support Files/Pods-Quick Integration Example/Pods-Quick Integration Example.release.xcconfig"; sourceTree = "<group>"; };
		E20AD2121EFBEE4A0065B70E /* Quick Integration Example.app */ = {isa = PBXFileReference; explicitFileType = wrapper.application; includeInIndex = 0; path = "Quick Integration Example.app"; sourceTree = BUILT_PRODUCTS_DIR; };
		E20AD2271EFBEE7D0065B70E /* AppDelegate.swift */ = {isa = PBXFileReference; fileEncoding = 4; lastKnownFileType = sourcecode.swift; path = AppDelegate.swift; sourceTree = "<group>"; };
		E20AD2281EFBEE7D0065B70E /* Assets.xcassets */ = {isa = PBXFileReference; lastKnownFileType = folder.assetcatalog; path = Assets.xcassets; sourceTree = "<group>"; };
		E20AD2291EFBEE7D0065B70E /* ConfirmationViewController.swift */ = {isa = PBXFileReference; fileEncoding = 4; lastKnownFileType = sourcecode.swift; path = ConfirmationViewController.swift; sourceTree = "<group>"; };
		E20AD22A1EFBEE7D0065B70E /* Info.plist */ = {isa = PBXFileReference; fileEncoding = 4; lastKnownFileType = text.plist.xml; path = Info.plist; sourceTree = "<group>"; };
		E20AD22B1EFBEE7D0065B70E /* ShoppingCartViewController.swift */ = {isa = PBXFileReference; fileEncoding = 4; lastKnownFileType = sourcecode.swift; path = ShoppingCartViewController.swift; sourceTree = "<group>"; };
		E20AD2311EFBEE8E0065B70E /* LaunchScreen.storyboard */ = {isa = PBXFileReference; fileEncoding = 4; lastKnownFileType = file.storyboard; path = LaunchScreen.storyboard; sourceTree = "<group>"; };
		E20AD2381EFBEFBC0065B70E /* Adyen.framework */ = {isa = PBXFileReference; explicitFileType = wrapper.framework; path = Adyen.framework; sourceTree = BUILT_PRODUCTS_DIR; };
		E22312001F0D255E00FD0677 /* Configuration.swift */ = {isa = PBXFileReference; lastKnownFileType = sourcecode.swift; path = Configuration.swift; sourceTree = "<group>"; };
		E226F0E11EFC08E6009E04C9 /* AdyenCSE.framework */ = {isa = PBXFileReference; lastKnownFileType = wrapper.framework; name = AdyenCSE.framework; path = ../../Carthage/Build/iOS/AdyenCSE.framework; sourceTree = "<group>"; };
		E28ECE061F066B75004FCEA6 /* Base */ = {isa = PBXFileReference; lastKnownFileType = file.storyboard; name = Base; path = Base.lproj/Main.storyboard; sourceTree = "<group>"; };
		E2B620741F0E251D001D4C27 /* en */ = {isa = PBXFileReference; lastKnownFileType = text.plist.strings; name = en; path = en.lproj/Main.strings; sourceTree = "<group>"; };
		E2B620751F0E2526001D4C27 /* nl */ = {isa = PBXFileReference; lastKnownFileType = text.plist.strings; name = nl; path = nl.lproj/Main.strings; sourceTree = "<group>"; };
		E2B620761F0E2529001D4C27 /* fr */ = {isa = PBXFileReference; lastKnownFileType = text.plist.strings; name = fr; path = fr.lproj/Main.strings; sourceTree = "<group>"; };
		E2B620771F0E252B001D4C27 /* de */ = {isa = PBXFileReference; lastKnownFileType = text.plist.strings; name = de; path = de.lproj/Main.strings; sourceTree = "<group>"; };
		E2B620781F0E252E001D4C27 /* es */ = {isa = PBXFileReference; lastKnownFileType = text.plist.strings; name = es; path = es.lproj/Main.strings; sourceTree = "<group>"; };
		E2B620791F0E2532001D4C27 /* pt */ = {isa = PBXFileReference; lastKnownFileType = text.plist.strings; name = pt; path = pt.lproj/Main.strings; sourceTree = "<group>"; };
		E2B6207A1F0E2534001D4C27 /* it */ = {isa = PBXFileReference; lastKnownFileType = text.plist.strings; name = it; path = it.lproj/Main.strings; sourceTree = "<group>"; };
		E2B6207B1F0E2539001D4C27 /* sv */ = {isa = PBXFileReference; lastKnownFileType = text.plist.strings; name = sv; path = sv.lproj/Main.strings; sourceTree = "<group>"; };
		E9C943871F1FA64200846E09 /* BridgingHeader.h */ = {isa = PBXFileReference; lastKnownFileType = sourcecode.c.h; path = BridgingHeader.h; sourceTree = "<group>"; };
		E9C943881F1FB94B00846E09 /* Settings.bundle */ = {isa = PBXFileReference; lastKnownFileType = "wrapper.plug-in"; path = Settings.bundle; sourceTree = "<group>"; };
/* End PBXFileReference section */

/* Begin PBXFrameworksBuildPhase section */
		E20AD20F1EFBEE4A0065B70E /* Frameworks */ = {
			isa = PBXFrameworksBuildPhase;
			buildActionMask = 2147483647;
			files = (
				C27E7952356F601029D68D5F /* Pods_Quick_Integration_Example.framework in Frameworks */,
			);
			runOnlyForDeploymentPostprocessing = 0;
		};
/* End PBXFrameworksBuildPhase section */

/* Begin PBXGroup section */
		617BAB106F25E1942755DA35 /* Pods */ = {
			isa = PBXGroup;
			children = (
				2A6421BAC3A94A53A8AC8C15 /* Pods-Quick Integration Example.debug.xcconfig */,
				9A917D5EBCCD77052E5B7E65 /* Pods-Quick Integration Example.release.xcconfig */,
			);
			name = Pods;
			sourceTree = "<group>";
		};
		E20AD2091EFBEE4A0065B70E = {
			isa = PBXGroup;
			children = (
				E20AD2141EFBEE4A0065B70E /* Quick Integration Example */,
				E20AD2131EFBEE4A0065B70E /* Products */,
				E20AD2351EFBEF810065B70E /* Frameworks */,
				617BAB106F25E1942755DA35 /* Pods */,
			);
			sourceTree = "<group>";
		};
		E20AD2131EFBEE4A0065B70E /* Products */ = {
			isa = PBXGroup;
			children = (
				E20AD2121EFBEE4A0065B70E /* Quick Integration Example.app */,
			);
			name = Products;
			sourceTree = "<group>";
		};
		E20AD2141EFBEE4A0065B70E /* Quick Integration Example */ = {
			isa = PBXGroup;
			children = (
				E22312001F0D255E00FD0677 /* Configuration.swift */,
				E20AD2271EFBEE7D0065B70E /* AppDelegate.swift */,
				E20AD22B1EFBEE7D0065B70E /* ShoppingCartViewController.swift */,
				E20AD2291EFBEE7D0065B70E /* ConfirmationViewController.swift */,
				E20AD2311EFBEE8E0065B70E /* LaunchScreen.storyboard */,
				E28ECE041F066AA4004FCEA6 /* Main.storyboard */,
				E20AD2281EFBEE7D0065B70E /* Assets.xcassets */,
				E20AD22A1EFBEE7D0065B70E /* Info.plist */,
				E9C943871F1FA64200846E09 /* BridgingHeader.h */,
				E9C943881F1FB94B00846E09 /* Settings.bundle */,
				7C2153871F9906B5006EC276 /* CustomButton.swift */,
			);
			path = "Quick Integration Example";
			sourceTree = "<group>";
		};
		E20AD2351EFBEF810065B70E /* Frameworks */ = {
			isa = PBXGroup;
			children = (
				E20AD2381EFBEFBC0065B70E /* Adyen.framework */,
				E226F0E11EFC08E6009E04C9 /* AdyenCSE.framework */,
				891136C5E42625688BDF48CE /* Pods_Quick_Integration_Example.framework */,
			);
			name = Frameworks;
			sourceTree = "<group>";
		};
/* End PBXGroup section */

/* Begin PBXNativeTarget section */
		E20AD2111EFBEE4A0065B70E /* Quick Integration Example */ = {
			isa = PBXNativeTarget;
			buildConfigurationList = E20AD2241EFBEE4A0065B70E /* Build configuration list for PBXNativeTarget "Quick Integration Example" */;
			buildPhases = (
				B85BF2E55433107E1AED5D19 /* [CP] Check Pods Manifest.lock */,
				E20AD20E1EFBEE4A0065B70E /* Sources */,
				E20AD20F1EFBEE4A0065B70E /* Frameworks */,
				E20AD2101EFBEE4A0065B70E /* Resources */,
				F59DBB7FA9517381E270A9A3 /* [CP] Embed Pods Frameworks */,
			);
			buildRules = (
			);
			dependencies = (
			);
			name = "Quick Integration Example";
			productName = QuickIntegrationExample;
			productReference = E20AD2121EFBEE4A0065B70E /* Quick Integration Example.app */;
			productType = "com.apple.product-type.application";
		};
/* End PBXNativeTarget section */

/* Begin PBXProject section */
		E20AD20A1EFBEE4A0065B70E /* Project object */ = {
			isa = PBXProject;
			attributes = {
				LastSwiftUpdateCheck = 0830;
				LastUpgradeCheck = 0940;
				ORGANIZATIONNAME = Adyen;
				TargetAttributes = {
					E20AD2111EFBEE4A0065B70E = {
						CreatedOnToolsVersion = 8.3.3;
						DevelopmentTeam = B2NYSS5932;
						LastSwiftMigration = 1000;
						ProvisioningStyle = Automatic;
					};
				};
			};
			buildConfigurationList = E20AD20D1EFBEE4A0065B70E /* Build configuration list for PBXProject "Quick Integration Example" */;
			compatibilityVersion = "Xcode 3.2";
			developmentRegion = English;
			hasScannedForEncodings = 0;
			knownRegions = (
				en,
				nl,
				Base,
			);
			mainGroup = E20AD2091EFBEE4A0065B70E;
			productRefGroup = E20AD2131EFBEE4A0065B70E /* Products */;
			projectDirPath = "";
			projectRoot = "";
			targets = (
				E20AD2111EFBEE4A0065B70E /* Quick Integration Example */,
			);
		};
/* End PBXProject section */

/* Begin PBXResourcesBuildPhase section */
		E20AD2101EFBEE4A0065B70E /* Resources */ = {
			isa = PBXResourcesBuildPhase;
			buildActionMask = 2147483647;
			files = (
				E9C943891F1FB94B00846E09 /* Settings.bundle in Resources */,
				E28ECE021F066AA4004FCEA6 /* Main.storyboard in Resources */,
				E20AD22D1EFBEE7D0065B70E /* Assets.xcassets in Resources */,
				E20AD2331EFBEE8E0065B70E /* LaunchScreen.storyboard in Resources */,
			);
			runOnlyForDeploymentPostprocessing = 0;
		};
/* End PBXResourcesBuildPhase section */

/* Begin PBXShellScriptBuildPhase section */
		B85BF2E55433107E1AED5D19 /* [CP] Check Pods Manifest.lock */ = {
			isa = PBXShellScriptBuildPhase;
			buildActionMask = 2147483647;
			files = (
			);
			inputPaths = (
				"${PODS_PODFILE_DIR_PATH}/Podfile.lock",
				"${PODS_ROOT}/Manifest.lock",
			);
			name = "[CP] Check Pods Manifest.lock";
			outputPaths = (
				"$(DERIVED_FILE_DIR)/Pods-Quick Integration Example-checkManifestLockResult.txt",
			);
			runOnlyForDeploymentPostprocessing = 0;
			shellPath = /bin/sh;
			shellScript = "diff \"${PODS_PODFILE_DIR_PATH}/Podfile.lock\" \"${PODS_ROOT}/Manifest.lock\" > /dev/null\nif [ $? != 0 ] ; then\n    # print error to STDERR\n    echo \"error: The sandbox is not in sync with the Podfile.lock. Run 'pod install' or update your CocoaPods installation.\" >&2\n    exit 1\nfi\n# This output is used by Xcode 'outputs' to avoid re-running this script phase.\necho \"SUCCESS\" > \"${SCRIPT_OUTPUT_FILE_0}\"\n";
			showEnvVarsInLog = 0;
		};
		F59DBB7FA9517381E270A9A3 /* [CP] Embed Pods Frameworks */ = {
			isa = PBXShellScriptBuildPhase;
			buildActionMask = 2147483647;
			files = (
			);
			inputPaths = (
				"${PODS_ROOT}/Target Support Files/Pods-Quick Integration Example/Pods-Quick Integration Example-frameworks.sh",
				"${BUILT_PRODUCTS_DIR}/Adyen/Adyen.framework",
				"${PODS_ROOT}/Adyen3DS2/Dynamic/Adyen3DS2.framework",
				"${BUILT_PRODUCTS_DIR}/AdyenInternal/AdyenInternal.framework",
			);
			name = "[CP] Embed Pods Frameworks";
			outputPaths = (
				"${TARGET_BUILD_DIR}/${FRAMEWORKS_FOLDER_PATH}/Adyen.framework",
				"${TARGET_BUILD_DIR}/${FRAMEWORKS_FOLDER_PATH}/Adyen3DS2.framework",
				"${TARGET_BUILD_DIR}/${FRAMEWORKS_FOLDER_PATH}/AdyenInternal.framework",
			);
			runOnlyForDeploymentPostprocessing = 0;
			shellPath = /bin/sh;
			shellScript = "\"${PODS_ROOT}/Target Support Files/Pods-Quick Integration Example/Pods-Quick Integration Example-frameworks.sh\"\n";
			showEnvVarsInLog = 0;
		};
/* End PBXShellScriptBuildPhase section */

/* Begin PBXSourcesBuildPhase section */
		E20AD20E1EFBEE4A0065B70E /* Sources */ = {
			isa = PBXSourcesBuildPhase;
			buildActionMask = 2147483647;
			files = (
				E20AD22E1EFBEE7D0065B70E /* ConfirmationViewController.swift in Sources */,
				E20AD22C1EFBEE7D0065B70E /* AppDelegate.swift in Sources */,
				E22312011F0D255E00FD0677 /* Configuration.swift in Sources */,
				E20AD2301EFBEE7D0065B70E /* ShoppingCartViewController.swift in Sources */,
				7C2153881F9906B5006EC276 /* CustomButton.swift in Sources */,
			);
			runOnlyForDeploymentPostprocessing = 0;
		};
/* End PBXSourcesBuildPhase section */

/* Begin PBXVariantGroup section */
		E28ECE041F066AA4004FCEA6 /* Main.storyboard */ = {
			isa = PBXVariantGroup;
			children = (
				E28ECE061F066B75004FCEA6 /* Base */,
				E2B620741F0E251D001D4C27 /* en */,
				E2B620751F0E2526001D4C27 /* nl */,
				E2B620761F0E2529001D4C27 /* fr */,
				E2B620771F0E252B001D4C27 /* de */,
				E2B620781F0E252E001D4C27 /* es */,
				E2B620791F0E2532001D4C27 /* pt */,
				E2B6207A1F0E2534001D4C27 /* it */,
				E2B6207B1F0E2539001D4C27 /* sv */,
			);
			name = Main.storyboard;
			sourceTree = "<group>";
		};
/* End PBXVariantGroup section */

/* Begin XCBuildConfiguration section */
		E20AD2221EFBEE4A0065B70E /* Debug */ = {
			isa = XCBuildConfiguration;
			buildSettings = {
				ALWAYS_SEARCH_USER_PATHS = NO;
				CLANG_ANALYZER_LOCALIZABILITY_NONLOCALIZED = YES;
				CLANG_ANALYZER_NONNULL = YES;
				CLANG_ANALYZER_NUMBER_OBJECT_CONVERSION = YES_AGGRESSIVE;
				CLANG_CXX_LANGUAGE_STANDARD = "gnu++0x";
				CLANG_CXX_LIBRARY = "libc++";
				CLANG_ENABLE_MODULES = YES;
				CLANG_ENABLE_OBJC_ARC = YES;
				CLANG_WARN_BLOCK_CAPTURE_AUTORELEASING = YES;
				CLANG_WARN_BOOL_CONVERSION = YES;
				CLANG_WARN_COMMA = YES;
				CLANG_WARN_CONSTANT_CONVERSION = YES;
				CLANG_WARN_DEPRECATED_OBJC_IMPLEMENTATIONS = YES;
				CLANG_WARN_DIRECT_OBJC_ISA_USAGE = YES_ERROR;
				CLANG_WARN_DOCUMENTATION_COMMENTS = YES;
				CLANG_WARN_EMPTY_BODY = YES;
				CLANG_WARN_ENUM_CONVERSION = YES;
				CLANG_WARN_INFINITE_RECURSION = YES;
				CLANG_WARN_INT_CONVERSION = YES;
				CLANG_WARN_NON_LITERAL_NULL_CONVERSION = YES;
				CLANG_WARN_OBJC_IMPLICIT_RETAIN_SELF = YES;
				CLANG_WARN_OBJC_LITERAL_CONVERSION = YES;
				CLANG_WARN_OBJC_ROOT_CLASS = YES_ERROR;
				CLANG_WARN_RANGE_LOOP_ANALYSIS = YES;
				CLANG_WARN_STRICT_PROTOTYPES = YES;
				CLANG_WARN_SUSPICIOUS_MOVE = YES;
				CLANG_WARN_UNREACHABLE_CODE = YES;
				CLANG_WARN__DUPLICATE_METHOD_MATCH = YES;
				"CODE_SIGN_IDENTITY[sdk=iphoneos*]" = "iPhone Developer";
				COPY_PHASE_STRIP = NO;
				DEBUG_INFORMATION_FORMAT = dwarf;
				ENABLE_STRICT_OBJC_MSGSEND = YES;
				ENABLE_TESTABILITY = YES;
				GCC_C_LANGUAGE_STANDARD = gnu99;
				GCC_DYNAMIC_NO_PIC = NO;
				GCC_NO_COMMON_BLOCKS = YES;
				GCC_OPTIMIZATION_LEVEL = 0;
				GCC_PREPROCESSOR_DEFINITIONS = (
					"DEBUG=1",
					"$(inherited)",
				);
				GCC_WARN_64_TO_32_BIT_CONVERSION = YES;
				GCC_WARN_ABOUT_RETURN_TYPE = YES_ERROR;
				GCC_WARN_UNDECLARED_SELECTOR = YES;
				GCC_WARN_UNINITIALIZED_AUTOS = YES_AGGRESSIVE;
				GCC_WARN_UNUSED_FUNCTION = YES;
				GCC_WARN_UNUSED_VARIABLE = YES;
				IPHONEOS_DEPLOYMENT_TARGET = 10.3;
				MTL_ENABLE_DEBUG_INFO = YES;
				ONLY_ACTIVE_ARCH = YES;
				SDKROOT = iphoneos;
				SWIFT_ACTIVE_COMPILATION_CONDITIONS = DEBUG;
				SWIFT_OBJC_BRIDGING_HEADER = "Quick Integration Example/BridgingHeader.h";
				SWIFT_OPTIMIZATION_LEVEL = "-Onone";
				SWIFT_VERSION = 4.0;
				TARGETED_DEVICE_FAMILY = "1,2";
			};
			name = Debug;
		};
		E20AD2231EFBEE4A0065B70E /* Release */ = {
			isa = XCBuildConfiguration;
			buildSettings = {
				ALWAYS_SEARCH_USER_PATHS = NO;
				CLANG_ANALYZER_LOCALIZABILITY_NONLOCALIZED = YES;
				CLANG_ANALYZER_NONNULL = YES;
				CLANG_ANALYZER_NUMBER_OBJECT_CONVERSION = YES_AGGRESSIVE;
				CLANG_CXX_LANGUAGE_STANDARD = "gnu++0x";
				CLANG_CXX_LIBRARY = "libc++";
				CLANG_ENABLE_MODULES = YES;
				CLANG_ENABLE_OBJC_ARC = YES;
				CLANG_WARN_BLOCK_CAPTURE_AUTORELEASING = YES;
				CLANG_WARN_BOOL_CONVERSION = YES;
				CLANG_WARN_COMMA = YES;
				CLANG_WARN_CONSTANT_CONVERSION = YES;
				CLANG_WARN_DEPRECATED_OBJC_IMPLEMENTATIONS = YES;
				CLANG_WARN_DIRECT_OBJC_ISA_USAGE = YES_ERROR;
				CLANG_WARN_DOCUMENTATION_COMMENTS = YES;
				CLANG_WARN_EMPTY_BODY = YES;
				CLANG_WARN_ENUM_CONVERSION = YES;
				CLANG_WARN_INFINITE_RECURSION = YES;
				CLANG_WARN_INT_CONVERSION = YES;
				CLANG_WARN_NON_LITERAL_NULL_CONVERSION = YES;
				CLANG_WARN_OBJC_IMPLICIT_RETAIN_SELF = YES;
				CLANG_WARN_OBJC_LITERAL_CONVERSION = YES;
				CLANG_WARN_OBJC_ROOT_CLASS = YES_ERROR;
				CLANG_WARN_RANGE_LOOP_ANALYSIS = YES;
				CLANG_WARN_STRICT_PROTOTYPES = YES;
				CLANG_WARN_SUSPICIOUS_MOVE = YES;
				CLANG_WARN_UNREACHABLE_CODE = YES;
				CLANG_WARN__DUPLICATE_METHOD_MATCH = YES;
				"CODE_SIGN_IDENTITY[sdk=iphoneos*]" = "iPhone Developer";
				COPY_PHASE_STRIP = NO;
				DEBUG_INFORMATION_FORMAT = "dwarf-with-dsym";
				ENABLE_NS_ASSERTIONS = NO;
				ENABLE_STRICT_OBJC_MSGSEND = YES;
				GCC_C_LANGUAGE_STANDARD = gnu99;
				GCC_NO_COMMON_BLOCKS = YES;
				GCC_WARN_64_TO_32_BIT_CONVERSION = YES;
				GCC_WARN_ABOUT_RETURN_TYPE = YES_ERROR;
				GCC_WARN_UNDECLARED_SELECTOR = YES;
				GCC_WARN_UNINITIALIZED_AUTOS = YES_AGGRESSIVE;
				GCC_WARN_UNUSED_FUNCTION = YES;
				GCC_WARN_UNUSED_VARIABLE = YES;
				IPHONEOS_DEPLOYMENT_TARGET = 10.3;
				MTL_ENABLE_DEBUG_INFO = NO;
				SDKROOT = iphoneos;
				SWIFT_OBJC_BRIDGING_HEADER = "Quick Integration Example/BridgingHeader.h";
				SWIFT_OPTIMIZATION_LEVEL = "-Owholemodule";
				SWIFT_VERSION = 4.0;
				TARGETED_DEVICE_FAMILY = "1,2";
				VALIDATE_PRODUCT = YES;
			};
			name = Release;
		};
		E20AD2251EFBEE4A0065B70E /* Debug */ = {
			isa = XCBuildConfiguration;
			baseConfigurationReference = 2A6421BAC3A94A53A8AC8C15 /* Pods-Quick Integration Example.debug.xcconfig */;
			buildSettings = {
				ASSETCATALOG_COMPILER_APPICON_NAME = AppIcon;
				CLANG_ENABLE_MODULES = YES;
				"CODE_SIGN_IDENTITY[sdk=iphoneos*]" = "iPhone Developer";
				DEVELOPMENT_TEAM = B2NYSS5932;
				INFOPLIST_FILE = "$(SRCROOT)/Quick Integration Example/Info.plist";
				LD_RUNPATH_SEARCH_PATHS = "$(inherited) @executable_path/Frameworks";
				PRODUCT_BUNDLE_IDENTIFIER = com.adyen.ShoppingApp;
				PRODUCT_NAME = "$(TARGET_NAME)";
				PROVISIONING_PROFILE = "";
				PROVISIONING_PROFILE_SPECIFIER = "";
				SWIFT_OPTIMIZATION_LEVEL = "-Onone";
				SWIFT_VERSION = 4.2;
			};
			name = Debug;
		};
		E20AD2261EFBEE4A0065B70E /* Release */ = {
			isa = XCBuildConfiguration;
			baseConfigurationReference = 9A917D5EBCCD77052E5B7E65 /* Pods-Quick Integration Example.release.xcconfig */;
			buildSettings = {
				ASSETCATALOG_COMPILER_APPICON_NAME = AppIcon;
				CLANG_ENABLE_MODULES = YES;
				"CODE_SIGN_IDENTITY[sdk=iphoneos*]" = "iPhone Developer";
				DEVELOPMENT_TEAM = B2NYSS5932;
				INFOPLIST_FILE = "$(SRCROOT)/Quick Integration Example/Info.plist";
				LD_RUNPATH_SEARCH_PATHS = "$(inherited) @executable_path/Frameworks";
				PRODUCT_BUNDLE_IDENTIFIER = com.adyen.ShoppingApp;
				PRODUCT_NAME = "$(TARGET_NAME)";
				PROVISIONING_PROFILE = "";
				PROVISIONING_PROFILE_SPECIFIER = "";
				SWIFT_VERSION = 4.2;
			};
			name = Release;
		};
/* End XCBuildConfiguration section */

/* Begin XCConfigurationList section */
		E20AD20D1EFBEE4A0065B70E /* Build configuration list for PBXProject "Quick Integration Example" */ = {
			isa = XCConfigurationList;
			buildConfigurations = (
				E20AD2221EFBEE4A0065B70E /* Debug */,
				E20AD2231EFBEE4A0065B70E /* Release */,
			);
			defaultConfigurationIsVisible = 0;
			defaultConfigurationName = Release;
		};
		E20AD2241EFBEE4A0065B70E /* Build configuration list for PBXNativeTarget "Quick Integration Example" */ = {
			isa = XCConfigurationList;
			buildConfigurations = (
				E20AD2251EFBEE4A0065B70E /* Debug */,
				E20AD2261EFBEE4A0065B70E /* Release */,
			);
			defaultConfigurationIsVisible = 0;
			defaultConfigurationName = Release;
		};
/* End XCConfigurationList section */
	};
	rootObject = E20AD20A1EFBEE4A0065B70E /* Project object */;
}
