// !$*UTF8*$!
{
	archiveVersion = 1;
	classes = {
	};
	objectVersion = 46;
	objects = {

/* Begin PBXBuildFile section */
		2E64252AFF0ED07F8F63491D /* Pods_UnitTests.framework in Frameworks */ = {isa = PBXBuildFile; fileRef = 19879BFA4E451156342596B3 /* Pods_UnitTests.framework */; };
		6439ED5AD5980BF05177FB97 /* Pods_ShoppingApp.framework in Frameworks */ = {isa = PBXBuildFile; fileRef = 59976158BAE4A1D93B0471C9 /* Pods_ShoppingApp.framework */; };
		7CAC59E11E364F6500CAE0C9 /* AppDelegate.swift in Sources */ = {isa = PBXBuildFile; fileRef = 7CAC59E01E364F6500CAE0C9 /* AppDelegate.swift */; };
		7CAC59E61E364F6500CAE0C9 /* Main.storyboard in Resources */ = {isa = PBXBuildFile; fileRef = 7CAC59E41E364F6500CAE0C9 /* Main.storyboard */; };
		7CAC59E81E364F6500CAE0C9 /* Assets.xcassets in Resources */ = {isa = PBXBuildFile; fileRef = 7CAC59E71E364F6500CAE0C9 /* Assets.xcassets */; };
		7CAC59EB1E364F6500CAE0C9 /* LaunchScreen.storyboard in Resources */ = {isa = PBXBuildFile; fileRef = 7CAC59E91E364F6500CAE0C9 /* LaunchScreen.storyboard */; };
		7CAC59F41E3659D200CAE0C9 /* ShoppingCartViewController.swift in Sources */ = {isa = PBXBuildFile; fileRef = 7CAC59F21E3659D200CAE0C9 /* ShoppingCartViewController.swift */; };
		7CAC59F51E3659D200CAE0C9 /* ConfirmationViewController.swift in Sources */ = {isa = PBXBuildFile; fileRef = 7CAC59F31E3659D200CAE0C9 /* ConfirmationViewController.swift */; };
		E9C250721ED85D72002D3B8E /* CardValidatorTests.swift in Sources */ = {isa = PBXBuildFile; fileRef = E9C250591ED85D72002D3B8E /* CardValidatorTests.swift */; };
		E9C250731ED85D72002D3B8E /* ArrayExtensionTests.swift in Sources */ = {isa = PBXBuildFile; fileRef = E9C2505B1ED85D72002D3B8E /* ArrayExtensionTests.swift */; };
		E9C250741ED85D72002D3B8E /* BoolExtensionsTests.swift in Sources */ = {isa = PBXBuildFile; fileRef = E9C2505C1ED85D72002D3B8E /* BoolExtensionsTests.swift */; };
		E9C250751ED85D72002D3B8E /* CurrencyTests.swift in Sources */ = {isa = PBXBuildFile; fileRef = E9C2505D1ED85D72002D3B8E /* CurrencyTests.swift */; };
		E9C250761ED85D72002D3B8E /* DictionaryExtensionTests.swift in Sources */ = {isa = PBXBuildFile; fileRef = E9C2505E1ED85D72002D3B8E /* DictionaryExtensionTests.swift */; };
		E9C250771ED85D72002D3B8E /* InputDetailsTests.swift in Sources */ = {isa = PBXBuildFile; fileRef = E9C2505F1ED85D72002D3B8E /* InputDetailsTests.swift */; };
		E9C250781ED85D72002D3B8E /* InputSelectItemTests.swift in Sources */ = {isa = PBXBuildFile; fileRef = E9C250601ED85D72002D3B8E /* InputSelectItemTests.swift */; };
		E9C250791ED85D72002D3B8E /* PaymentDetailsTests.swift in Sources */ = {isa = PBXBuildFile; fileRef = E9C250611ED85D72002D3B8E /* PaymentDetailsTests.swift */; };
		E9C2507A1ED85D72002D3B8E /* PaymentMethodTests.swift in Sources */ = {isa = PBXBuildFile; fileRef = E9C250621ED85D72002D3B8E /* PaymentMethodTests.swift */; };
		E9C2507B1ED85D72002D3B8E /* StringExtensionsTests.swift in Sources */ = {isa = PBXBuildFile; fileRef = E9C250631ED85D72002D3B8E /* StringExtensionsTests.swift */; };
		E9C2507C1ED85D72002D3B8E /* URLExtensionsTests.swift in Sources */ = {isa = PBXBuildFile; fileRef = E9C250641ED85D72002D3B8E /* URLExtensionsTests.swift */; };
		E9C2507D1ED85D72002D3B8E /* UIColorExtensionsTests.swift in Sources */ = {isa = PBXBuildFile; fileRef = E9C250661ED85D72002D3B8E /* UIColorExtensionsTests.swift */; };
		E9C2507E1ED85D72002D3B8E /* Info.plist in Resources */ = {isa = PBXBuildFile; fileRef = E9C250671ED85D72002D3B8E /* Info.plist */; };
		E9C2507F1ED85D72002D3B8E /* JsonReader.swift in Sources */ = {isa = PBXBuildFile; fileRef = E9C250681ED85D72002D3B8E /* JsonReader.swift */; };
		E9C250801ED85D72002D3B8E /* PaymentMethodApplePay.json in Resources */ = {isa = PBXBuildFile; fileRef = E9C2506B1ED85D72002D3B8E /* PaymentMethodApplePay.json */; };
		E9C250811ED85D72002D3B8E /* PaymentMethodCard.json in Resources */ = {isa = PBXBuildFile; fileRef = E9C2506C1ED85D72002D3B8E /* PaymentMethodCard.json */; };
		E9C250821ED85D72002D3B8E /* PaymentMethodCardCvc.json in Resources */ = {isa = PBXBuildFile; fileRef = E9C2506D1ED85D72002D3B8E /* PaymentMethodCardCvc.json */; };
		E9C250831ED85D72002D3B8E /* PaymentMethodIdeal.json in Resources */ = {isa = PBXBuildFile; fileRef = E9C2506E1ED85D72002D3B8E /* PaymentMethodIdeal.json */; };
		E9C250841ED85D72002D3B8E /* PaymentMethodKlarna.json in Resources */ = {isa = PBXBuildFile; fileRef = E9C2506F1ED85D72002D3B8E /* PaymentMethodKlarna.json */; };
		E9C250851ED85D72002D3B8E /* PaymentMethodPaypal.json in Resources */ = {isa = PBXBuildFile; fileRef = E9C250701ED85D72002D3B8E /* PaymentMethodPaypal.json */; };
		E9C250861ED85D72002D3B8E /* PaymentMethodSepa.json in Resources */ = {isa = PBXBuildFile; fileRef = E9C250711ED85D72002D3B8E /* PaymentMethodSepa.json */; };
/* End PBXBuildFile section */

/* Begin PBXContainerItemProxy section */
		E9C250221ED85BF6002D3B8E /* PBXContainerItemProxy */ = {
			isa = PBXContainerItemProxy;
			containerPortal = 7CAC59D51E364F6400CAE0C9 /* Project object */;
			proxyType = 1;
			remoteGlobalIDString = 7CAC59DC1E364F6500CAE0C9;
			remoteInfo = ShoppingApp;
		};
/* End PBXContainerItemProxy section */

/* Begin PBXCopyFilesBuildPhase section */
		7CD28FA81E8D62D0009EAA09 /* Embed Frameworks */ = {
			isa = PBXCopyFilesBuildPhase;
			buildActionMask = 2147483647;
			dstPath = "";
			dstSubfolderSpec = 10;
			files = (
			);
			name = "Embed Frameworks";
			runOnlyForDeploymentPostprocessing = 0;
		};
/* End PBXCopyFilesBuildPhase section */

/* Begin PBXFileReference section */
		19879BFA4E451156342596B3 /* Pods_UnitTests.framework */ = {isa = PBXFileReference; explicitFileType = wrapper.framework; includeInIndex = 0; path = Pods_UnitTests.framework; sourceTree = BUILT_PRODUCTS_DIR; };
		3B20A497033B79B16FDFA04C /* Pods-UnitTests.debug.xcconfig */ = {isa = PBXFileReference; includeInIndex = 1; lastKnownFileType = text.xcconfig; name = "Pods-UnitTests.debug.xcconfig"; path = "Pods/Target Support Files/Pods-UnitTests/Pods-UnitTests.debug.xcconfig"; sourceTree = "<group>"; };
		59976158BAE4A1D93B0471C9 /* Pods_ShoppingApp.framework */ = {isa = PBXFileReference; explicitFileType = wrapper.framework; includeInIndex = 0; path = Pods_ShoppingApp.framework; sourceTree = BUILT_PRODUCTS_DIR; };
		5D6D174E4A5200CA9327C23D /* Pods-UnitTests.release.xcconfig */ = {isa = PBXFileReference; includeInIndex = 1; lastKnownFileType = text.xcconfig; name = "Pods-UnitTests.release.xcconfig"; path = "Pods/Target Support Files/Pods-UnitTests/Pods-UnitTests.release.xcconfig"; sourceTree = "<group>"; };
		7CAC59DD1E364F6500CAE0C9 /* ShoppingApp.app */ = {isa = PBXFileReference; explicitFileType = wrapper.application; includeInIndex = 0; path = ShoppingApp.app; sourceTree = BUILT_PRODUCTS_DIR; };
		7CAC59E01E364F6500CAE0C9 /* AppDelegate.swift */ = {isa = PBXFileReference; lastKnownFileType = sourcecode.swift; path = AppDelegate.swift; sourceTree = "<group>"; };
		7CAC59E51E364F6500CAE0C9 /* Base */ = {isa = PBXFileReference; lastKnownFileType = file.storyboard; name = Base; path = Base.lproj/Main.storyboard; sourceTree = "<group>"; };
		7CAC59E71E364F6500CAE0C9 /* Assets.xcassets */ = {isa = PBXFileReference; lastKnownFileType = folder.assetcatalog; path = Assets.xcassets; sourceTree = "<group>"; };
		7CAC59EA1E364F6500CAE0C9 /* Base */ = {isa = PBXFileReference; lastKnownFileType = file.storyboard; name = Base; path = Base.lproj/LaunchScreen.storyboard; sourceTree = "<group>"; };
		7CAC59EC1E364F6500CAE0C9 /* Info.plist */ = {isa = PBXFileReference; lastKnownFileType = text.plist.xml; path = Info.plist; sourceTree = "<group>"; };
		7CAC59F21E3659D200CAE0C9 /* ShoppingCartViewController.swift */ = {isa = PBXFileReference; fileEncoding = 4; lastKnownFileType = sourcecode.swift; path = ShoppingCartViewController.swift; sourceTree = "<group>"; };
		7CAC59F31E3659D200CAE0C9 /* ConfirmationViewController.swift */ = {isa = PBXFileReference; fileEncoding = 4; lastKnownFileType = sourcecode.swift; path = ConfirmationViewController.swift; sourceTree = "<group>"; };
		81A51A66751D4275B9DAEC27 /* Pods-ShoppingApp.release.xcconfig */ = {isa = PBXFileReference; includeInIndex = 1; lastKnownFileType = text.xcconfig; name = "Pods-ShoppingApp.release.xcconfig"; path = "Pods/Target Support Files/Pods-ShoppingApp/Pods-ShoppingApp.release.xcconfig"; sourceTree = "<group>"; };
		91B6B59168E978035AD7F41C /* Pods-ShoppingApp.debug.xcconfig */ = {isa = PBXFileReference; includeInIndex = 1; lastKnownFileType = text.xcconfig; name = "Pods-ShoppingApp.debug.xcconfig"; path = "Pods/Target Support Files/Pods-ShoppingApp/Pods-ShoppingApp.debug.xcconfig"; sourceTree = "<group>"; };
		E9C2501D1ED85BF6002D3B8E /* UnitTests.xctest */ = {isa = PBXFileReference; explicitFileType = wrapper.cfbundle; includeInIndex = 0; path = UnitTests.xctest; sourceTree = BUILT_PRODUCTS_DIR; };
		E9C250591ED85D72002D3B8E /* CardValidatorTests.swift */ = {isa = PBXFileReference; fileEncoding = 4; lastKnownFileType = sourcecode.swift; path = CardValidatorTests.swift; sourceTree = "<group>"; };
		E9C2505B1ED85D72002D3B8E /* ArrayExtensionTests.swift */ = {isa = PBXFileReference; fileEncoding = 4; lastKnownFileType = sourcecode.swift; path = ArrayExtensionTests.swift; sourceTree = "<group>"; };
		E9C2505C1ED85D72002D3B8E /* BoolExtensionsTests.swift */ = {isa = PBXFileReference; fileEncoding = 4; lastKnownFileType = sourcecode.swift; path = BoolExtensionsTests.swift; sourceTree = "<group>"; };
		E9C2505D1ED85D72002D3B8E /* CurrencyTests.swift */ = {isa = PBXFileReference; fileEncoding = 4; lastKnownFileType = sourcecode.swift; path = CurrencyTests.swift; sourceTree = "<group>"; };
		E9C2505E1ED85D72002D3B8E /* DictionaryExtensionTests.swift */ = {isa = PBXFileReference; fileEncoding = 4; lastKnownFileType = sourcecode.swift; path = DictionaryExtensionTests.swift; sourceTree = "<group>"; };
		E9C2505F1ED85D72002D3B8E /* InputDetailsTests.swift */ = {isa = PBXFileReference; fileEncoding = 4; lastKnownFileType = sourcecode.swift; path = InputDetailsTests.swift; sourceTree = "<group>"; };
		E9C250601ED85D72002D3B8E /* InputSelectItemTests.swift */ = {isa = PBXFileReference; fileEncoding = 4; lastKnownFileType = sourcecode.swift; path = InputSelectItemTests.swift; sourceTree = "<group>"; };
		E9C250611ED85D72002D3B8E /* PaymentDetailsTests.swift */ = {isa = PBXFileReference; fileEncoding = 4; lastKnownFileType = sourcecode.swift; path = PaymentDetailsTests.swift; sourceTree = "<group>"; };
		E9C250621ED85D72002D3B8E /* PaymentMethodTests.swift */ = {isa = PBXFileReference; fileEncoding = 4; lastKnownFileType = sourcecode.swift; path = PaymentMethodTests.swift; sourceTree = "<group>"; };
		E9C250631ED85D72002D3B8E /* StringExtensionsTests.swift */ = {isa = PBXFileReference; fileEncoding = 4; lastKnownFileType = sourcecode.swift; path = StringExtensionsTests.swift; sourceTree = "<group>"; };
		E9C250641ED85D72002D3B8E /* URLExtensionsTests.swift */ = {isa = PBXFileReference; fileEncoding = 4; lastKnownFileType = sourcecode.swift; path = URLExtensionsTests.swift; sourceTree = "<group>"; };
		E9C250661ED85D72002D3B8E /* UIColorExtensionsTests.swift */ = {isa = PBXFileReference; fileEncoding = 4; lastKnownFileType = sourcecode.swift; path = UIColorExtensionsTests.swift; sourceTree = "<group>"; };
		E9C250671ED85D72002D3B8E /* Info.plist */ = {isa = PBXFileReference; fileEncoding = 4; lastKnownFileType = text.plist.xml; path = Info.plist; sourceTree = "<group>"; };
		E9C250681ED85D72002D3B8E /* JsonReader.swift */ = {isa = PBXFileReference; fileEncoding = 4; lastKnownFileType = sourcecode.swift; path = JsonReader.swift; sourceTree = "<group>"; };
		E9C2506B1ED85D72002D3B8E /* PaymentMethodApplePay.json */ = {isa = PBXFileReference; fileEncoding = 4; lastKnownFileType = text.json; path = PaymentMethodApplePay.json; sourceTree = "<group>"; };
		E9C2506C1ED85D72002D3B8E /* PaymentMethodCard.json */ = {isa = PBXFileReference; fileEncoding = 4; lastKnownFileType = text.json; path = PaymentMethodCard.json; sourceTree = "<group>"; };
		E9C2506D1ED85D72002D3B8E /* PaymentMethodCardCvc.json */ = {isa = PBXFileReference; fileEncoding = 4; lastKnownFileType = text.json; path = PaymentMethodCardCvc.json; sourceTree = "<group>"; };
		E9C2506E1ED85D72002D3B8E /* PaymentMethodIdeal.json */ = {isa = PBXFileReference; fileEncoding = 4; lastKnownFileType = text.json; path = PaymentMethodIdeal.json; sourceTree = "<group>"; };
		E9C2506F1ED85D72002D3B8E /* PaymentMethodKlarna.json */ = {isa = PBXFileReference; fileEncoding = 4; lastKnownFileType = text.json; path = PaymentMethodKlarna.json; sourceTree = "<group>"; };
		E9C250701ED85D72002D3B8E /* PaymentMethodPaypal.json */ = {isa = PBXFileReference; fileEncoding = 4; lastKnownFileType = text.json; path = PaymentMethodPaypal.json; sourceTree = "<group>"; };
		E9C250711ED85D72002D3B8E /* PaymentMethodSepa.json */ = {isa = PBXFileReference; fileEncoding = 4; lastKnownFileType = text.json; path = PaymentMethodSepa.json; sourceTree = "<group>"; };
/* End PBXFileReference section */

/* Begin PBXFrameworksBuildPhase section */
		7CAC59DA1E364F6500CAE0C9 /* Frameworks */ = {
			isa = PBXFrameworksBuildPhase;
			buildActionMask = 2147483647;
			files = (
				6439ED5AD5980BF05177FB97 /* Pods_ShoppingApp.framework in Frameworks */,
			);
			runOnlyForDeploymentPostprocessing = 0;
		};
		E9C2501A1ED85BF6002D3B8E /* Frameworks */ = {
			isa = PBXFrameworksBuildPhase;
			buildActionMask = 2147483647;
			files = (
				2E64252AFF0ED07F8F63491D /* Pods_UnitTests.framework in Frameworks */,
			);
			runOnlyForDeploymentPostprocessing = 0;
		};
/* End PBXFrameworksBuildPhase section */

/* Begin PBXGroup section */
		6190A52F427FF1FE1B1B8DCD /* Frameworks */ = {
			isa = PBXGroup;
			children = (
				59976158BAE4A1D93B0471C9 /* Pods_ShoppingApp.framework */,
				19879BFA4E451156342596B3 /* Pods_UnitTests.framework */,
			);
			name = Frameworks;
			sourceTree = "<group>";
		};
		7CAC59D41E364F6400CAE0C9 = {
			isa = PBXGroup;
			children = (
				7CAC59DF1E364F6500CAE0C9 /* ShoppingApp */,
				E9C250571ED85D72002D3B8E /* UnitTests */,
				7CAC59DE1E364F6500CAE0C9 /* Products */,
				899370914FAF7C11A7EA5D52 /* Pods */,
				6190A52F427FF1FE1B1B8DCD /* Frameworks */,
			);
			sourceTree = "<group>";
		};
		7CAC59DE1E364F6500CAE0C9 /* Products */ = {
			isa = PBXGroup;
			children = (
				7CAC59DD1E364F6500CAE0C9 /* ShoppingApp.app */,
				E9C2501D1ED85BF6002D3B8E /* UnitTests.xctest */,
			);
			name = Products;
			sourceTree = "<group>";
		};
		7CAC59DF1E364F6500CAE0C9 /* ShoppingApp */ = {
			isa = PBXGroup;
			children = (
				7CAC59F21E3659D200CAE0C9 /* ShoppingCartViewController.swift */,
				7CAC59F31E3659D200CAE0C9 /* ConfirmationViewController.swift */,
				7CAC59E01E364F6500CAE0C9 /* AppDelegate.swift */,
				7CAC59E41E364F6500CAE0C9 /* Main.storyboard */,
				7CAC59E71E364F6500CAE0C9 /* Assets.xcassets */,
				7CAC59E91E364F6500CAE0C9 /* LaunchScreen.storyboard */,
				7CAC59EC1E364F6500CAE0C9 /* Info.plist */,
			);
			path = ShoppingApp;
			sourceTree = "<group>";
		};
		899370914FAF7C11A7EA5D52 /* Pods */ = {
			isa = PBXGroup;
			children = (
				91B6B59168E978035AD7F41C /* Pods-ShoppingApp.debug.xcconfig */,
				81A51A66751D4275B9DAEC27 /* Pods-ShoppingApp.release.xcconfig */,
				3B20A497033B79B16FDFA04C /* Pods-UnitTests.debug.xcconfig */,
				5D6D174E4A5200CA9327C23D /* Pods-UnitTests.release.xcconfig */,
			);
			name = Pods;
			sourceTree = "<group>";
		};
		E9C250571ED85D72002D3B8E /* UnitTests */ = {
			isa = PBXGroup;
			children = (
				E9C250581ED85D72002D3B8E /* Cards */,
				E9C2505A1ED85D72002D3B8E /* Core */,
				E9C250651ED85D72002D3B8E /* CoreUI */,
				E9C250671ED85D72002D3B8E /* Info.plist */,
				E9C250681ED85D72002D3B8E /* JsonReader.swift */,
				E9C250691ED85D72002D3B8E /* Resources */,
			);
			name = UnitTests;
			path = ../../UnitTests;
			sourceTree = "<group>";
		};
		E9C250581ED85D72002D3B8E /* Cards */ = {
			isa = PBXGroup;
			children = (
				E9C250591ED85D72002D3B8E /* CardValidatorTests.swift */,
			);
			path = Cards;
			sourceTree = "<group>";
		};
		E9C2505A1ED85D72002D3B8E /* Core */ = {
			isa = PBXGroup;
			children = (
				E9C2505B1ED85D72002D3B8E /* ArrayExtensionTests.swift */,
				E9C2505C1ED85D72002D3B8E /* BoolExtensionsTests.swift */,
				E9C2505D1ED85D72002D3B8E /* CurrencyTests.swift */,
				E9C2505E1ED85D72002D3B8E /* DictionaryExtensionTests.swift */,
				E9C2505F1ED85D72002D3B8E /* InputDetailsTests.swift */,
				E9C250601ED85D72002D3B8E /* InputSelectItemTests.swift */,
				E9C250611ED85D72002D3B8E /* PaymentDetailsTests.swift */,
				E9C250621ED85D72002D3B8E /* PaymentMethodTests.swift */,
				E9C250631ED85D72002D3B8E /* StringExtensionsTests.swift */,
				E9C250641ED85D72002D3B8E /* URLExtensionsTests.swift */,
			);
			path = Core;
			sourceTree = "<group>";
		};
		E9C250651ED85D72002D3B8E /* CoreUI */ = {
			isa = PBXGroup;
			children = (
				E9C250661ED85D72002D3B8E /* UIColorExtensionsTests.swift */,
			);
			path = CoreUI;
			sourceTree = "<group>";
		};
		E9C250691ED85D72002D3B8E /* Resources */ = {
			isa = PBXGroup;
			children = (
				E9C2506A1ED85D72002D3B8E /* Json */,
			);
			path = Resources;
			sourceTree = "<group>";
		};
		E9C2506A1ED85D72002D3B8E /* Json */ = {
			isa = PBXGroup;
			children = (
				E9C2506B1ED85D72002D3B8E /* PaymentMethodApplePay.json */,
				E9C2506C1ED85D72002D3B8E /* PaymentMethodCard.json */,
				E9C2506D1ED85D72002D3B8E /* PaymentMethodCardCvc.json */,
				E9C2506E1ED85D72002D3B8E /* PaymentMethodIdeal.json */,
				E9C2506F1ED85D72002D3B8E /* PaymentMethodKlarna.json */,
				E9C250701ED85D72002D3B8E /* PaymentMethodPaypal.json */,
				E9C250711ED85D72002D3B8E /* PaymentMethodSepa.json */,
			);
			path = Json;
			sourceTree = "<group>";
		};
/* End PBXGroup section */

/* Begin PBXNativeTarget section */
		7CAC59DC1E364F6500CAE0C9 /* ShoppingApp */ = {
			isa = PBXNativeTarget;
			buildConfigurationList = 7CAC59EF1E364F6500CAE0C9 /* Build configuration list for PBXNativeTarget "ShoppingApp" */;
			buildPhases = (
				941D061A6589DD71F6753188 /* [CP] Check Pods Manifest.lock */,
				7CAC59D91E364F6500CAE0C9 /* Sources */,
				7CAC59DA1E364F6500CAE0C9 /* Frameworks */,
				7CAC59DB1E364F6500CAE0C9 /* Resources */,
				7CD28FA81E8D62D0009EAA09 /* Embed Frameworks */,
				B0775148E293186281F7BCC4 /* [CP] Embed Pods Frameworks */,
				02AF6F12DDE34815D1DC6679 /* [CP] Copy Pods Resources */,
				E9C250881ED86145002D3B8E /* Swift Lint */,
			);
			buildRules = (
			);
			dependencies = (
			);
			name = ShoppingApp;
			productName = ShoppingApp;
			productReference = 7CAC59DD1E364F6500CAE0C9 /* ShoppingApp.app */;
			productType = "com.apple.product-type.application";
		};
		E9C2501C1ED85BF6002D3B8E /* UnitTests */ = {
			isa = PBXNativeTarget;
			buildConfigurationList = E9C250241ED85BF6002D3B8E /* Build configuration list for PBXNativeTarget "UnitTests" */;
			buildPhases = (
				46929631E9EA9869C54951D5 /* [CP] Check Pods Manifest.lock */,
				E9C250191ED85BF6002D3B8E /* Sources */,
				E9C2501A1ED85BF6002D3B8E /* Frameworks */,
				E9C2501B1ED85BF6002D3B8E /* Resources */,
				4F16478B54A55C2CEC583E93 /* [CP] Embed Pods Frameworks */,
				67F5387A5ED81FE483AAE592 /* [CP] Copy Pods Resources */,
			);
			buildRules = (
			);
			dependencies = (
				E9C250231ED85BF6002D3B8E /* PBXTargetDependency */,
			);
			name = UnitTests;
			productName = UnitTests;
			productReference = E9C2501D1ED85BF6002D3B8E /* UnitTests.xctest */;
			productType = "com.apple.product-type.bundle.unit-test";
		};
/* End PBXNativeTarget section */

/* Begin PBXProject section */
		7CAC59D51E364F6400CAE0C9 /* Project object */ = {
			isa = PBXProject;
			attributes = {
				LastSwiftUpdateCheck = 0830;
				LastUpgradeCheck = 0820;
				ORGANIZATIONNAME = Adyen;
				TargetAttributes = {
					7CAC59DC1E364F6500CAE0C9 = {
						CreatedOnToolsVersion = 8.2.1;
						DevelopmentTeam = B2NYSS5932;
						ProvisioningStyle = Automatic;
					};
					E9C2501C1ED85BF6002D3B8E = {
						CreatedOnToolsVersion = 8.3.2;
						DevelopmentTeam = B2NYSS5932;
						ProvisioningStyle = Automatic;
						TestTargetID = 7CAC59DC1E364F6500CAE0C9;
					};
				};
			};
			buildConfigurationList = 7CAC59D81E364F6400CAE0C9 /* Build configuration list for PBXProject "ShoppingApp" */;
			compatibilityVersion = "Xcode 3.2";
			developmentRegion = English;
			hasScannedForEncodings = 0;
			knownRegions = (
				en,
				Base,
			);
			mainGroup = 7CAC59D41E364F6400CAE0C9;
			productRefGroup = 7CAC59DE1E364F6500CAE0C9 /* Products */;
			projectDirPath = "";
			projectRoot = "";
			targets = (
				7CAC59DC1E364F6500CAE0C9 /* ShoppingApp */,
				E9C2501C1ED85BF6002D3B8E /* UnitTests */,
			);
		};
/* End PBXProject section */

/* Begin PBXResourcesBuildPhase section */
		7CAC59DB1E364F6500CAE0C9 /* Resources */ = {
			isa = PBXResourcesBuildPhase;
			buildActionMask = 2147483647;
			files = (
				7CAC59EB1E364F6500CAE0C9 /* LaunchScreen.storyboard in Resources */,
				7CAC59E81E364F6500CAE0C9 /* Assets.xcassets in Resources */,
				7CAC59E61E364F6500CAE0C9 /* Main.storyboard in Resources */,
			);
			runOnlyForDeploymentPostprocessing = 0;
		};
		E9C2501B1ED85BF6002D3B8E /* Resources */ = {
			isa = PBXResourcesBuildPhase;
			buildActionMask = 2147483647;
			files = (
				E9C250841ED85D72002D3B8E /* PaymentMethodKlarna.json in Resources */,
				E9C2507E1ED85D72002D3B8E /* Info.plist in Resources */,
				E9C250801ED85D72002D3B8E /* PaymentMethodApplePay.json in Resources */,
				E9C250821ED85D72002D3B8E /* PaymentMethodCardCvc.json in Resources */,
				E9C250831ED85D72002D3B8E /* PaymentMethodIdeal.json in Resources */,
				E9C250851ED85D72002D3B8E /* PaymentMethodPaypal.json in Resources */,
				E9C250861ED85D72002D3B8E /* PaymentMethodSepa.json in Resources */,
				E9C250811ED85D72002D3B8E /* PaymentMethodCard.json in Resources */,
			);
			runOnlyForDeploymentPostprocessing = 0;
		};
/* End PBXResourcesBuildPhase section */

/* Begin PBXShellScriptBuildPhase section */
		02AF6F12DDE34815D1DC6679 /* [CP] Copy Pods Resources */ = {
			isa = PBXShellScriptBuildPhase;
			buildActionMask = 2147483647;
			files = (
			);
			inputPaths = (
			);
			name = "[CP] Copy Pods Resources";
			outputPaths = (
			);
			runOnlyForDeploymentPostprocessing = 0;
			shellPath = /bin/sh;
			shellScript = "\"${SRCROOT}/Pods/Target Support Files/Pods-ShoppingApp/Pods-ShoppingApp-resources.sh\"\n";
			showEnvVarsInLog = 0;
		};
		46929631E9EA9869C54951D5 /* [CP] Check Pods Manifest.lock */ = {
			isa = PBXShellScriptBuildPhase;
			buildActionMask = 2147483647;
			files = (
			);
			inputPaths = (
			);
			name = "[CP] Check Pods Manifest.lock";
			outputPaths = (
			);
			runOnlyForDeploymentPostprocessing = 0;
			shellPath = /bin/sh;
			shellScript = "diff \"${PODS_PODFILE_DIR_PATH}/Podfile.lock\" \"${PODS_ROOT}/Manifest.lock\" > /dev/null\nif [ $? != 0 ] ; then\n    # print error to STDERR\n    echo \"error: The sandbox is not in sync with the Podfile.lock. Run 'pod install' or update your CocoaPods installation.\" >&2\n    exit 1\nfi\n";
			showEnvVarsInLog = 0;
		};
		4F16478B54A55C2CEC583E93 /* [CP] Embed Pods Frameworks */ = {
			isa = PBXShellScriptBuildPhase;
			buildActionMask = 2147483647;
			files = (
			);
			inputPaths = (
			);
			name = "[CP] Embed Pods Frameworks";
			outputPaths = (
			);
			runOnlyForDeploymentPostprocessing = 0;
			shellPath = /bin/sh;
			shellScript = "\"${SRCROOT}/Pods/Target Support Files/Pods-UnitTests/Pods-UnitTests-frameworks.sh\"\n";
			showEnvVarsInLog = 0;
		};
		67F5387A5ED81FE483AAE592 /* [CP] Copy Pods Resources */ = {
			isa = PBXShellScriptBuildPhase;
			buildActionMask = 2147483647;
			files = (
			);
			inputPaths = (
			);
			name = "[CP] Copy Pods Resources";
			outputPaths = (
			);
			runOnlyForDeploymentPostprocessing = 0;
			shellPath = /bin/sh;
			shellScript = "\"${SRCROOT}/Pods/Target Support Files/Pods-UnitTests/Pods-UnitTests-resources.sh\"\n";
			showEnvVarsInLog = 0;
		};
		941D061A6589DD71F6753188 /* [CP] Check Pods Manifest.lock */ = {
			isa = PBXShellScriptBuildPhase;
			buildActionMask = 2147483647;
			files = (
			);
			inputPaths = (
			);
			name = "[CP] Check Pods Manifest.lock";
			outputPaths = (
			);
			runOnlyForDeploymentPostprocessing = 0;
			shellPath = /bin/sh;
			shellScript = "diff \"${PODS_PODFILE_DIR_PATH}/Podfile.lock\" \"${PODS_ROOT}/Manifest.lock\" > /dev/null\nif [ $? != 0 ] ; then\n    # print error to STDERR\n    echo \"error: The sandbox is not in sync with the Podfile.lock. Run 'pod install' or update your CocoaPods installation.\" >&2\n    exit 1\nfi\n";
			showEnvVarsInLog = 0;
		};
		B0775148E293186281F7BCC4 /* [CP] Embed Pods Frameworks */ = {
			isa = PBXShellScriptBuildPhase;
			buildActionMask = 2147483647;
			files = (
			);
			inputPaths = (
			);
			name = "[CP] Embed Pods Frameworks";
			outputPaths = (
			);
			runOnlyForDeploymentPostprocessing = 0;
			shellPath = /bin/sh;
			shellScript = "\"${SRCROOT}/Pods/Target Support Files/Pods-ShoppingApp/Pods-ShoppingApp-frameworks.sh\"\n";
			showEnvVarsInLog = 0;
		};
		E9C250881ED86145002D3B8E /* Swift Lint */ = {
			isa = PBXShellScriptBuildPhase;
			buildActionMask = 2147483647;
			files = (
			);
			inputPaths = (
			);
			name = "Swift Lint";
			outputPaths = (
			);
			runOnlyForDeploymentPostprocessing = 0;
			shellPath = /bin/sh;
			shellScript = "\"${PODS_ROOT}/SwiftLint/swiftlint\"";
		};
/* End PBXShellScriptBuildPhase section */

/* Begin PBXSourcesBuildPhase section */
		7CAC59D91E364F6500CAE0C9 /* Sources */ = {
			isa = PBXSourcesBuildPhase;
			buildActionMask = 2147483647;
			files = (
				7CAC59F41E3659D200CAE0C9 /* ShoppingCartViewController.swift in Sources */,
				7CAC59F51E3659D200CAE0C9 /* ConfirmationViewController.swift in Sources */,
				7CAC59E11E364F6500CAE0C9 /* AppDelegate.swift in Sources */,
			);
			runOnlyForDeploymentPostprocessing = 0;
		};
		E9C250191ED85BF6002D3B8E /* Sources */ = {
			isa = PBXSourcesBuildPhase;
			buildActionMask = 2147483647;
			files = (
				E9C2507F1ED85D72002D3B8E /* JsonReader.swift in Sources */,
				E9C250771ED85D72002D3B8E /* InputDetailsTests.swift in Sources */,
				E9C250721ED85D72002D3B8E /* CardValidatorTests.swift in Sources */,
				E9C2507B1ED85D72002D3B8E /* StringExtensionsTests.swift in Sources */,
				E9C250751ED85D72002D3B8E /* CurrencyTests.swift in Sources */,
				E9C2507D1ED85D72002D3B8E /* UIColorExtensionsTests.swift in Sources */,
				E9C2507C1ED85D72002D3B8E /* URLExtensionsTests.swift in Sources */,
				E9C250791ED85D72002D3B8E /* PaymentDetailsTests.swift in Sources */,
				E9C250761ED85D72002D3B8E /* DictionaryExtensionTests.swift in Sources */,
				E9C250731ED85D72002D3B8E /* ArrayExtensionTests.swift in Sources */,
				E9C2507A1ED85D72002D3B8E /* PaymentMethodTests.swift in Sources */,
				E9C250741ED85D72002D3B8E /* BoolExtensionsTests.swift in Sources */,
				E9C250781ED85D72002D3B8E /* InputSelectItemTests.swift in Sources */,
			);
			runOnlyForDeploymentPostprocessing = 0;
		};
/* End PBXSourcesBuildPhase section */

/* Begin PBXTargetDependency section */
		E9C250231ED85BF6002D3B8E /* PBXTargetDependency */ = {
			isa = PBXTargetDependency;
			target = 7CAC59DC1E364F6500CAE0C9 /* ShoppingApp */;
			targetProxy = E9C250221ED85BF6002D3B8E /* PBXContainerItemProxy */;
		};
/* End PBXTargetDependency section */

/* Begin PBXVariantGroup section */
		7CAC59E41E364F6500CAE0C9 /* Main.storyboard */ = {
			isa = PBXVariantGroup;
			children = (
				7CAC59E51E364F6500CAE0C9 /* Base */,
			);
			name = Main.storyboard;
			sourceTree = "<group>";
		};
		7CAC59E91E364F6500CAE0C9 /* LaunchScreen.storyboard */ = {
			isa = PBXVariantGroup;
			children = (
				7CAC59EA1E364F6500CAE0C9 /* Base */,
			);
			name = LaunchScreen.storyboard;
			sourceTree = "<group>";
		};
/* End PBXVariantGroup section */

/* Begin XCBuildConfiguration section */
		7CAC59ED1E364F6500CAE0C9 /* Debug */ = {
			isa = XCBuildConfiguration;
			buildSettings = {
				ALWAYS_SEARCH_USER_PATHS = NO;
				CLANG_ANALYZER_NONNULL = YES;
				CLANG_CXX_LANGUAGE_STANDARD = "gnu++0x";
				CLANG_CXX_LIBRARY = "libc++";
				CLANG_ENABLE_MODULES = YES;
				CLANG_ENABLE_OBJC_ARC = YES;
				CLANG_WARN_BOOL_CONVERSION = YES;
				CLANG_WARN_CONSTANT_CONVERSION = YES;
				CLANG_WARN_DIRECT_OBJC_ISA_USAGE = YES_ERROR;
				CLANG_WARN_DOCUMENTATION_COMMENTS = YES;
				CLANG_WARN_EMPTY_BODY = YES;
				CLANG_WARN_ENUM_CONVERSION = YES;
				CLANG_WARN_INFINITE_RECURSION = YES;
				CLANG_WARN_INT_CONVERSION = YES;
				CLANG_WARN_OBJC_ROOT_CLASS = YES_ERROR;
				CLANG_WARN_SUSPICIOUS_MOVE = YES;
				CLANG_WARN_UNREACHABLE_CODE = YES;
				CLANG_WARN__DUPLICATE_METHOD_MATCH = YES;
				"CODE_SIGN_IDENTITY[sdk=iphoneos*]" = "iPhone Developer";
				COPY_PHASE_STRIP = NO;
				DEBUG_INFORMATION_FORMAT = dwarf;
				ENABLE_STRICT_OBJC_MSGSEND = YES;
				ENABLE_TESTABILITY = YES;
				GCC_C_LANGUAGE_STANDARD = gnu99;
				GCC_DYNAMIC_NO_PIC = NO;
				GCC_NO_COMMON_BLOCKS = YES;
				GCC_OPTIMIZATION_LEVEL = 0;
				GCC_PREPROCESSOR_DEFINITIONS = (
					"DEBUG=1",
					"$(inherited)",
				);
				GCC_WARN_64_TO_32_BIT_CONVERSION = YES;
				GCC_WARN_ABOUT_RETURN_TYPE = YES_ERROR;
				GCC_WARN_UNDECLARED_SELECTOR = YES;
				GCC_WARN_UNINITIALIZED_AUTOS = YES_AGGRESSIVE;
				GCC_WARN_UNUSED_FUNCTION = YES;
				GCC_WARN_UNUSED_VARIABLE = YES;
				IPHONEOS_DEPLOYMENT_TARGET = 10.2;
				MTL_ENABLE_DEBUG_INFO = YES;
				ONLY_ACTIVE_ARCH = YES;
				SDKROOT = iphoneos;
				SWIFT_ACTIVE_COMPILATION_CONDITIONS = DEBUG;
				SWIFT_OPTIMIZATION_LEVEL = "-Onone";
				TARGETED_DEVICE_FAMILY = "1,2";
			};
			name = Debug;
		};
		7CAC59EE1E364F6500CAE0C9 /* Release */ = {
			isa = XCBuildConfiguration;
			buildSettings = {
				ALWAYS_SEARCH_USER_PATHS = NO;
				CLANG_ANALYZER_NONNULL = YES;
				CLANG_CXX_LANGUAGE_STANDARD = "gnu++0x";
				CLANG_CXX_LIBRARY = "libc++";
				CLANG_ENABLE_MODULES = YES;
				CLANG_ENABLE_OBJC_ARC = YES;
				CLANG_WARN_BOOL_CONVERSION = YES;
				CLANG_WARN_CONSTANT_CONVERSION = YES;
				CLANG_WARN_DIRECT_OBJC_ISA_USAGE = YES_ERROR;
				CLANG_WARN_DOCUMENTATION_COMMENTS = YES;
				CLANG_WARN_EMPTY_BODY = YES;
				CLANG_WARN_ENUM_CONVERSION = YES;
				CLANG_WARN_INFINITE_RECURSION = YES;
				CLANG_WARN_INT_CONVERSION = YES;
				CLANG_WARN_OBJC_ROOT_CLASS = YES_ERROR;
				CLANG_WARN_SUSPICIOUS_MOVE = YES;
				CLANG_WARN_UNREACHABLE_CODE = YES;
				CLANG_WARN__DUPLICATE_METHOD_MATCH = YES;
				"CODE_SIGN_IDENTITY[sdk=iphoneos*]" = "iPhone Developer";
				COPY_PHASE_STRIP = NO;
				DEBUG_INFORMATION_FORMAT = "dwarf-with-dsym";
				ENABLE_NS_ASSERTIONS = NO;
				ENABLE_STRICT_OBJC_MSGSEND = YES;
				GCC_C_LANGUAGE_STANDARD = gnu99;
				GCC_NO_COMMON_BLOCKS = YES;
				GCC_WARN_64_TO_32_BIT_CONVERSION = YES;
				GCC_WARN_ABOUT_RETURN_TYPE = YES_ERROR;
				GCC_WARN_UNDECLARED_SELECTOR = YES;
				GCC_WARN_UNINITIALIZED_AUTOS = YES_AGGRESSIVE;
				GCC_WARN_UNUSED_FUNCTION = YES;
				GCC_WARN_UNUSED_VARIABLE = YES;
				IPHONEOS_DEPLOYMENT_TARGET = 10.2;
				MTL_ENABLE_DEBUG_INFO = NO;
				SDKROOT = iphoneos;
				SWIFT_OPTIMIZATION_LEVEL = "-Owholemodule";
				TARGETED_DEVICE_FAMILY = "1,2";
				VALIDATE_PRODUCT = YES;
			};
			name = Release;
		};
		7CAC59F01E364F6500CAE0C9 /* Debug */ = {
			isa = XCBuildConfiguration;
			baseConfigurationReference = 91B6B59168E978035AD7F41C /* Pods-ShoppingApp.debug.xcconfig */;
			buildSettings = {
				ASSETCATALOG_COMPILER_APPICON_NAME = AppIcon;
				DEVELOPMENT_TEAM = B2NYSS5932;
				FRAMEWORK_SEARCH_PATHS = "$(inherited)";
				INFOPLIST_FILE = ShoppingApp/Info.plist;
				LD_RUNPATH_SEARCH_PATHS = "$(inherited) @executable_path/Frameworks";
				OTHER_LDFLAGS = "$(inherited)";
				PRODUCT_BUNDLE_IDENTIFIER = com.adyen.ShoppingApp;
				PRODUCT_NAME = "$(TARGET_NAME)";
				SWIFT_VERSION = 3.0;
			};
			name = Debug;
		};
		7CAC59F11E364F6500CAE0C9 /* Release */ = {
			isa = XCBuildConfiguration;
			baseConfigurationReference = 81A51A66751D4275B9DAEC27 /* Pods-ShoppingApp.release.xcconfig */;
			buildSettings = {
				ASSETCATALOG_COMPILER_APPICON_NAME = AppIcon;
				DEVELOPMENT_TEAM = B2NYSS5932;
				FRAMEWORK_SEARCH_PATHS = "$(inherited)";
				INFOPLIST_FILE = ShoppingApp/Info.plist;
				LD_RUNPATH_SEARCH_PATHS = "$(inherited) @executable_path/Frameworks";
				OTHER_LDFLAGS = "$(inherited)";
				PRODUCT_BUNDLE_IDENTIFIER = com.adyen.ShoppingApp;
				PRODUCT_NAME = "$(TARGET_NAME)";
				SWIFT_VERSION = 3.0;
			};
			name = Release;
		};
		E9C250251ED85BF6002D3B8E /* Debug */ = {
			isa = XCBuildConfiguration;
			baseConfigurationReference = 3B20A497033B79B16FDFA04C /* Pods-UnitTests.debug.xcconfig */;
			buildSettings = {
				BUNDLE_LOADER = "$(TEST_HOST)";
				CLANG_ANALYZER_NUMBER_OBJECT_CONVERSION = YES_AGGRESSIVE;
				DEVELOPMENT_TEAM = B2NYSS5932;
				INFOPLIST_FILE = ../../UnitTests/Info.plist;
				IPHONEOS_DEPLOYMENT_TARGET = 10.3;
				LD_RUNPATH_SEARCH_PATHS = "$(inherited) @executable_path/Frameworks @loader_path/Frameworks";
				PRODUCT_BUNDLE_IDENTIFIER = com.adyen.UnitTests;
				PRODUCT_NAME = "$(TARGET_NAME)";
				SWIFT_VERSION = 3.0;
				TEST_HOST = "$(BUILT_PRODUCTS_DIR)/ShoppingApp.app/ShoppingApp";
			};
			name = Debug;
		};
		E9C250261ED85BF6002D3B8E /* Release */ = {
			isa = XCBuildConfiguration;
			baseConfigurationReference = 5D6D174E4A5200CA9327C23D /* Pods-UnitTests.release.xcconfig */;
			buildSettings = {
				BUNDLE_LOADER = "$(TEST_HOST)";
				CLANG_ANALYZER_NUMBER_OBJECT_CONVERSION = YES_AGGRESSIVE;
				DEVELOPMENT_TEAM = B2NYSS5932;
				INFOPLIST_FILE = ../../UnitTests/Info.plist;
				IPHONEOS_DEPLOYMENT_TARGET = 10.3;
				LD_RUNPATH_SEARCH_PATHS = "$(inherited) @executable_path/Frameworks @loader_path/Frameworks";
				PRODUCT_BUNDLE_IDENTIFIER = com.adyen.UnitTests;
				PRODUCT_NAME = "$(TARGET_NAME)";
				SWIFT_VERSION = 3.0;
				TEST_HOST = "$(BUILT_PRODUCTS_DIR)/ShoppingApp.app/ShoppingApp";
			};
			name = Release;
		};
/* End XCBuildConfiguration section */

/* Begin XCConfigurationList section */
		7CAC59D81E364F6400CAE0C9 /* Build configuration list for PBXProject "ShoppingApp" */ = {
			isa = XCConfigurationList;
			buildConfigurations = (
				7CAC59ED1E364F6500CAE0C9 /* Debug */,
				7CAC59EE1E364F6500CAE0C9 /* Release */,
			);
			defaultConfigurationIsVisible = 0;
			defaultConfigurationName = Release;
		};
		7CAC59EF1E364F6500CAE0C9 /* Build configuration list for PBXNativeTarget "ShoppingApp" */ = {
			isa = XCConfigurationList;
			buildConfigurations = (
				7CAC59F01E364F6500CAE0C9 /* Debug */,
				7CAC59F11E364F6500CAE0C9 /* Release */,
			);
			defaultConfigurationIsVisible = 0;
			defaultConfigurationName = Release;
		};
		E9C250241ED85BF6002D3B8E /* Build configuration list for PBXNativeTarget "UnitTests" */ = {
			isa = XCConfigurationList;
			buildConfigurations = (
				E9C250251ED85BF6002D3B8E /* Debug */,
				E9C250261ED85BF6002D3B8E /* Release */,
			);
			defaultConfigurationIsVisible = 0;
			defaultConfigurationName = Release;
		};
/* End XCConfigurationList section */
	};
	rootObject = 7CAC59D51E364F6400CAE0C9 /* Project object */;
}
