PODS:
  - Adyen (2.4.0):
    - Adyen/Card (= 2.4.0)
    - Adyen/Core (= 2.4.0)
    - Adyen/SEPA (= 2.4.0)
  - Adyen/ApplePay (2.4.0):
    - Adyen/Core
  - Adyen/Card (2.4.0):
    - Adyen/Core
  - Adyen/Core (2.4.0):
    - AdyenInternal (= 2.4.0)
  - Adyen/SEPA (2.4.0):
    - Adyen/Core
  - AdyenInternal (2.4.0)

DEPENDENCIES:
  - Adyen (from `../../`)
  - Adyen/ApplePay (from `../../`)
  - AdyenInternal (from `../../`)

EXTERNAL SOURCES:
  Adyen:
    :path: "../../"
  AdyenInternal:
    :path: "../../"

SPEC CHECKSUMS:
  Adyen: eed0383800f6feb05ecee1185dbedce7e403ced5
  AdyenInternal: a7eb258c938641b90100166cb5899221e659eb05

PODFILE CHECKSUM: 868a8cdc41ebd56691139c2542b3691cd1711b58

COCOAPODS: 1.5.3
