PODS:
  - Adyen (2.7.1):
    - Adyen/Card (= 2.7.1)
    - Adyen/Core (= 2.7.1)
    - Adyen/SEPA (= 2.7.1)
  - Adyen/ApplePay (2.7.1):
    - Adyen/Core
  - Adyen/Card (2.7.1):
    - Adyen/Core
    - Adyen3DS2
  - Adyen/Core (2.7.1):
    - AdyenInternal (= 2.7.1)
  - Adyen/SEPA (2.7.1):
    - Adyen/Core
  - Adyen3DS2 (0.9.5)
  - AdyenInternal (2.7.1)

DEPENDENCIES:
  - Adyen (from `../../`)
  - Adyen/ApplePay (from `../../`)
  - AdyenInternal (from `../../`)

SPEC REPOS:
  https://github.com/cocoapods/specs.git:
    - Adyen3DS2

EXTERNAL SOURCES:
  Adyen:
    :path: "../../"
  AdyenInternal:
    :path: "../../"

SPEC CHECKSUMS:
  Adyen: 620533903b04f6d26bcd3c9e07ca82d6f0a1f30b
  Adyen3DS2: c92eca0c3ad2944ef4504328eb05980d9795b9f3
  AdyenInternal: 4aff3fc6d1ed80a2a65bfd395dc7993835d0cbff

PODFILE CHECKSUM: 7b408d1214d4743476d39e789ded1b437f5a402b

COCOAPODS: 1.5.3
