PODS:
  - Adyen (2.1.2):
    - Adyen/Card (= 2.1.2)
    - Adyen/Core (= 2.1.2)
    - Adyen/SEPA (= 2.1.2)
  - Adyen/ApplePay (2.1.2):
    - Adyen/Core
  - Adyen/Card (2.1.2):
    - Adyen/Core
  - Adyen/Core (2.1.2):
    - AdyenInternal (= 2.1.2)
  - Adyen/SEPA (2.1.2):
    - Adyen/Core
  - AdyenInternal (2.1.2)

DEPENDENCIES:
  - Adyen (from `../../`)
  - Adyen/ApplePay (from `../../`)
  - AdyenInternal (from `../../`)

EXTERNAL SOURCES:
  Adyen:
    :path: "../../"
  AdyenInternal:
    :path: "../../"

SPEC CHECKSUMS:
  Adyen: 678b2b6d0b1f8229aa5cd03406d26ed90d5177a1
  AdyenInternal: 2c0cf6c9b0ee16ace90edfbb68f3e2409aa2e7ac

PODFILE CHECKSUM: 84b3c3d2e1be6f473f15545192cb0dd3d1b3ed19

COCOAPODS: 1.5.3
