PODS:
  - Adyen (2.3.0):
    - Adyen/Card (= 2.3.0)
    - Adyen/Core (= 2.3.0)
    - Adyen/SEPA (= 2.3.0)
  - Adyen/ApplePay (2.3.0):
    - Adyen/Core
  - Adyen/Card (2.3.0):
    - Adyen/Core
  - Adyen/Core (2.3.0):
    - AdyenInternal (= 2.3.0)
  - Adyen/SEPA (2.3.0):
    - Adyen/Core
  - AdyenInternal (2.3.0)

DEPENDENCIES:
  - Adyen (from `../../`)
  - Adyen/ApplePay (from `../../`)
  - AdyenInternal (from `../../`)

EXTERNAL SOURCES:
  Adyen:
    :path: "../../"
  AdyenInternal:
    :path: "../../"

SPEC CHECKSUMS:
  Adyen: 87a532bbf27c11a0429f3b4832f75321b3825bb1
  AdyenInternal: 52a7aed192ff504ace4bad87f50f083cdba5a020

PODFILE CHECKSUM: 84b3c3d2e1be6f473f15545192cb0dd3d1b3ed19

COCOAPODS: 1.5.3
